// !$*UTF8*$!
{
	archiveVersion = 1;
	classes = {
	};
	objectVersion = 46;
	objects = {

/* Begin PBXBuildFile section */
		DF360ED01CFFC61400D5953B /* main.m in Sources */ = {isa = PBXBuildFile; fileRef = DF360ECF1CFFC61400D5953B /* main.m */; };
		DF360ED31CFFC61400D5953B /* AppDelegate.mm in Sources */ = {isa = PBXBuildFile; fileRef = DF360ED21CFFC61400D5953B /* AppDelegate.mm */; };
		DF360EDB1CFFC61400D5953B /* Assets.xcassets in Resources */ = {isa = PBXBuildFile; fileRef = DF360EDA1CFFC61400D5953B /* Assets.xcassets */; };
		DF360EDE1CFFC61400D5953B /* LaunchScreen.storyboard in Resources */ = {isa = PBXBuildFile; fileRef = DF360EDC1CFFC61400D5953B /* LaunchScreen.storyboard */; };
		DF360EE91CFFC61400D5953B /* ChatDemoTestTests.m in Sources */ = {isa = PBXBuildFile; fileRef = DF360EE81CFFC61400D5953B /* ChatDemoTestTests.m */; };
		DF360EF41CFFC61400D5953B /* ChatDemoTestUITests.m in Sources */ = {isa = PBXBuildFile; fileRef = DF360EF31CFFC61400D5953B /* ChatDemoTestUITests.m */; };
		DF360F031CFFC89800D5953B /* CoreMedia.framework in Frameworks */ = {isa = PBXBuildFile; fileRef = DF360F021CFFC89800D5953B /* CoreMedia.framework */; };
		DF360F051CFFC8C200D5953B /* AudioToolbox.framework in Frameworks */ = {isa = PBXBuildFile; fileRef = DF360F041CFFC8C200D5953B /* AudioToolbox.framework */; };
		DF360F071CFFC8CD00D5953B /* AVFoundation.framework in Frameworks */ = {isa = PBXBuildFile; fileRef = DF360F061CFFC8CD00D5953B /* AVFoundation.framework */; };
		DF360F091CFFC8D700D5953B /* MobileCoreServices.framework in Frameworks */ = {isa = PBXBuildFile; fileRef = DF360F081CFFC8D700D5953B /* MobileCoreServices.framework */; };
		DF360F0B1CFFC8E000D5953B /* ImageIO.framework in Frameworks */ = {isa = PBXBuildFile; fileRef = DF360F0A1CFFC8E000D5953B /* ImageIO.framework */; };
		DF360F0D1CFFC8EE00D5953B /* libc++.tbd in Frameworks */ = {isa = PBXBuildFile; fileRef = DF360F0C1CFFC8EE00D5953B /* libc++.tbd */; };
		DF360F0F1CFFC8F900D5953B /* libz.tbd in Frameworks */ = {isa = PBXBuildFile; fileRef = DF360F0E1CFFC8F900D5953B /* libz.tbd */; };
		DF360F111CFFC90400D5953B /* libstdc++.6.0.9.tbd in Frameworks */ = {isa = PBXBuildFile; fileRef = DF360F101CFFC90400D5953B /* libstdc++.6.0.9.tbd */; };
		DF360F131CFFC90F00D5953B /* libsqlite3.tbd in Frameworks */ = {isa = PBXBuildFile; fileRef = DF360F121CFFC90F00D5953B /* libsqlite3.tbd */; };
		DF360F151CFFC91700D5953B /* libiconv.tbd in Frameworks */ = {isa = PBXBuildFile; fileRef = DF360F141CFFC91700D5953B /* libiconv.tbd */; };
		DF6C5E1B1D388E75009CEAF6 /* ChatListTableViewController.m in Sources */ = {isa = PBXBuildFile; fileRef = DF6C5DA71D388E75009CEAF6 /* ChatListTableViewController.m */; };
		DF6C5E1C1D388E75009CEAF6 /* HMNavigationController.m in Sources */ = {isa = PBXBuildFile; fileRef = DF6C5DAA1D388E75009CEAF6 /* HMNavigationController.m */; };
		DF6C5E1D1D388E75009CEAF6 /* HMTabBar.m in Sources */ = {isa = PBXBuildFile; fileRef = DF6C5DAC1D388E75009CEAF6 /* HMTabBar.m */; };
		DF6C5E1E1D388E75009CEAF6 /* HMTabBarViewController.m in Sources */ = {isa = PBXBuildFile; fileRef = DF6C5DAE1D388E75009CEAF6 /* HMTabBarViewController.m */; };
		DF6C5E1F1D388E75009CEAF6 /* ButtonsViewController.m in Sources */ = {isa = PBXBuildFile; fileRef = DF6C5DB21D388E75009CEAF6 /* ButtonsViewController.m */; };
		DF6C5E201D388E75009CEAF6 /* HomeViewController.m in Sources */ = {isa = PBXBuildFile; fileRef = DF6C5DB41D388E75009CEAF6 /* HomeViewController.m */; };
		DF6C5E211D388E75009CEAF6 /* NearbySpotsTableViewController.m in Sources */ = {isa = PBXBuildFile; fileRef = DF6C5DB61D388E75009CEAF6 /* NearbySpotsTableViewController.m */; };
		DF6C5E221D388E75009CEAF6 /* SearchMySpotsViewController.m in Sources */ = {isa = PBXBuildFile; fileRef = DF6C5DB81D388E75009CEAF6 /* SearchMySpotsViewController.m */; };
		DF6C5E231D388E75009CEAF6 /* SearchMySpotsViewController.xib in Resources */ = {isa = PBXBuildFile; fileRef = DF6C5DB91D388E75009CEAF6 /* SearchMySpotsViewController.xib */; };
		DF6C5E241D388E75009CEAF6 /* SpotDetailWebviewController.m in Sources */ = {isa = PBXBuildFile; fileRef = DF6C5DBB1D388E75009CEAF6 /* SpotDetailWebviewController.m */; };
		DF6C5E251D388E75009CEAF6 /* SpotsSearchViewController.m in Sources */ = {isa = PBXBuildFile; fileRef = DF6C5DBD1D388E75009CEAF6 /* SpotsSearchViewController.m */; };
		DF6C5E261D388E75009CEAF6 /* TrainSearch.storyboard in Resources */ = {isa = PBXBuildFile; fileRef = DF6C5DBE1D388E75009CEAF6 /* TrainSearch.storyboard */; };
		DF6C5E271D388E75009CEAF6 /* TrainSearchViewController.m in Sources */ = {isa = PBXBuildFile; fileRef = DF6C5DC01D388E75009CEAF6 /* TrainSearchViewController.m */; };
		DF6C5E281D388E75009CEAF6 /* TravelsDetailTableViewController.m in Sources */ = {isa = PBXBuildFile; fileRef = DF6C5DC21D388E75009CEAF6 /* TravelsDetailTableViewController.m */; };
		DF6C5E291D388E75009CEAF6 /* WeatherSearch.storyboard in Resources */ = {isa = PBXBuildFile; fileRef = DF6C5DC31D388E75009CEAF6 /* WeatherSearch.storyboard */; };
		DF6C5E2A1D388E75009CEAF6 /* WeatherSearchViewController.m in Sources */ = {isa = PBXBuildFile; fileRef = DF6C5DC51D388E75009CEAF6 /* WeatherSearchViewController.m */; };
		DF6C5E2B1D388E75009CEAF6 /* HomeTravelsCellModel.m in Sources */ = {isa = PBXBuildFile; fileRef = DF6C5DC81D388E75009CEAF6 /* HomeTravelsCellModel.m */; };
		DF6C5E2C1D388E75009CEAF6 /* ScenicspotListDataInfo.m in Sources */ = {isa = PBXBuildFile; fileRef = DF6C5DCA1D388E75009CEAF6 /* ScenicspotListDataInfo.m */; };
		DF6C5E2D1D388E75009CEAF6 /* SpotsSearchPageDataSource.m in Sources */ = {isa = PBXBuildFile; fileRef = DF6C5DCC1D388E75009CEAF6 /* SpotsSearchPageDataSource.m */; };
		DF6C5E2E1D388E75009CEAF6 /* CategorySearchView.m in Sources */ = {isa = PBXBuildFile; fileRef = DF6C5DCF1D388E75009CEAF6 /* CategorySearchView.m */; };
		DF6C5E2F1D388E75009CEAF6 /* HomeTravelsCunstomTableViewCell.m in Sources */ = {isa = PBXBuildFile; fileRef = DF6C5DD11D388E75009CEAF6 /* HomeTravelsCunstomTableViewCell.m */; };
		DF6C5E301D388E75009CEAF6 /* HomeTravelsTableViewCell.m in Sources */ = {isa = PBXBuildFile; fileRef = DF6C5DD31D388E75009CEAF6 /* HomeTravelsTableViewCell.m */; };
		DF6C5E311D388E75009CEAF6 /* HomeTravelsTableViewCell.xib in Resources */ = {isa = PBXBuildFile; fileRef = DF6C5DD41D388E75009CEAF6 /* HomeTravelsTableViewCell.xib */; };
		DF6C5E321D388E75009CEAF6 /* TrainDetailTableViewCell.m in Sources */ = {isa = PBXBuildFile; fileRef = DF6C5DD61D388E75009CEAF6 /* TrainDetailTableViewCell.m */; };
		DF6C5E331D388E75009CEAF6 /* TrainDetailTableViewCell.xib in Resources */ = {isa = PBXBuildFile; fileRef = DF6C5DD71D388E75009CEAF6 /* TrainDetailTableViewCell.xib */; };
		DF6C5E341D388E75009CEAF6 /* TrainSearchDetailTableView.m in Sources */ = {isa = PBXBuildFile; fileRef = DF6C5DD91D388E75009CEAF6 /* TrainSearchDetailTableView.m */; };
		DF6C5E351D388E75009CEAF6 /* travelsDetail.storyboard in Resources */ = {isa = PBXBuildFile; fileRef = DF6C5DDA1D388E75009CEAF6 /* travelsDetail.storyboard */; };
		DF6C5E361D388E75009CEAF6 /* LoginViewController.m in Sources */ = {isa = PBXBuildFile; fileRef = DF6C5DDC1D388E75009CEAF6 /* LoginViewController.m */; };
		DF6C5E371D388E75009CEAF6 /* LoginViewController.xib in Resources */ = {isa = PBXBuildFile; fileRef = DF6C5DDD1D388E75009CEAF6 /* LoginViewController.xib */; };
		DF6C5E381D388E75009CEAF6 /* TCMainServerCenter.m in Sources */ = {isa = PBXBuildFile; fileRef = DF6C5DE11D388E75009CEAF6 /* TCMainServerCenter.m */; };
		DF6C5E391D388E75009CEAF6 /* TCResponse.m in Sources */ = {isa = PBXBuildFile; fileRef = DF6C5DE31D388E75009CEAF6 /* TCResponse.m */; };
		DF6C5E3A1D388E75009CEAF6 /* TCSignatureGenerator.m in Sources */ = {isa = PBXBuildFile; fileRef = DF6C5DE51D388E75009CEAF6 /* TCSignatureGenerator.m */; };
		DF6C5E3B1D388E75009CEAF6 /* MyImagePicker.m in Sources */ = {isa = PBXBuildFile; fileRef = DF6C5DE91D388E75009CEAF6 /* MyImagePicker.m */; };
		DF6C5E3C1D388E75009CEAF6 /* MySimplePhotoBrowser.m in Sources */ = {isa = PBXBuildFile; fileRef = DF6C5DEB1D388E75009CEAF6 /* MySimplePhotoBrowser.m */; };
		DF6C5E3D1D388E75009CEAF6 /* UIViewController+Example.m in Sources */ = {isa = PBXBuildFile; fileRef = DF6C5DEF1D388E75009CEAF6 /* UIViewController+Example.m */; };
		DF6C5E3E1D388E75009CEAF6 /* MJChiBaoZiFooter.m in Sources */ = {isa = PBXBuildFile; fileRef = DF6C5DF31D388E75009CEAF6 /* MJChiBaoZiFooter.m */; };
		DF6C5E3F1D388E75009CEAF6 /* MJChiBaoZiFooter2.m in Sources */ = {isa = PBXBuildFile; fileRef = DF6C5DF51D388E75009CEAF6 /* MJChiBaoZiFooter2.m */; };
		DF6C5E401D388E75009CEAF6 /* MJChiBaoZiHeader.m in Sources */ = {isa = PBXBuildFile; fileRef = DF6C5DF71D388E75009CEAF6 /* MJChiBaoZiHeader.m */; };
		DF6C5E411D388E75009CEAF6 /* MJDIYAutoFooter.m in Sources */ = {isa = PBXBuildFile; fileRef = DF6C5DF91D388E75009CEAF6 /* MJDIYAutoFooter.m */; };
		DF6C5E421D388E75009CEAF6 /* MJDIYBackFooter.m in Sources */ = {isa = PBXBuildFile; fileRef = DF6C5DFB1D388E75009CEAF6 /* MJDIYBackFooter.m */; };
		DF6C5E431D388E75009CEAF6 /* MJDIYHeader.m in Sources */ = {isa = PBXBuildFile; fileRef = DF6C5DFD1D388E75009CEAF6 /* MJDIYHeader.m */; };
		DF6C5E441D388E75009CEAF6 /* MySegmentControlView.m in Sources */ = {isa = PBXBuildFile; fileRef = DF6C5E001D388E75009CEAF6 /* MySegmentControlView.m */; };
		DF6C5E451D388E75009CEAF6 /* UIView+Extension.m in Sources */ = {isa = PBXBuildFile; fileRef = DF6C5E021D388E75009CEAF6 /* UIView+Extension.m */; };
		DF6C5E461D388E75009CEAF6 /* RegistViewController.m in Sources */ = {isa = PBXBuildFile; fileRef = DF6C5E041D388E75009CEAF6 /* RegistViewController.m */; };
		DF6C5E471D388E75009CEAF6 /* RegistViewController.xib in Resources */ = {isa = PBXBuildFile; fileRef = DF6C5E051D388E75009CEAF6 /* RegistViewController.xib */; };
		DF6C5E481D388E75009CEAF6 /* AboutUsViewController.m in Sources */ = {isa = PBXBuildFile; fileRef = DF6C5E081D388E75009CEAF6 /* AboutUsViewController.m */; };
		DF6C5E491D388E75009CEAF6 /* IdeaViewController.m in Sources */ = {isa = PBXBuildFile; fileRef = DF6C5E0A1D388E75009CEAF6 /* IdeaViewController.m */; };
		DF6C5E4A1D388E75009CEAF6 /* Setting.storyboard in Resources */ = {isa = PBXBuildFile; fileRef = DF6C5E0B1D388E75009CEAF6 /* Setting.storyboard */; };
		DF6C5E4B1D388E75009CEAF6 /* SettingTableViewController.m in Sources */ = {isa = PBXBuildFile; fileRef = DF6C5E0D1D388E75009CEAF6 /* SettingTableViewController.m */; };
		DF6C5E4C1D388E75009CEAF6 /* StatementViewController.m in Sources */ = {isa = PBXBuildFile; fileRef = DF6C5E0F1D388E75009CEAF6 /* StatementViewController.m */; };
		DF6C5E4D1D388E75009CEAF6 /* UserInfoSettingViewController.m in Sources */ = {isa = PBXBuildFile; fileRef = DF6C5E111D388E75009CEAF6 /* UserInfoSettingViewController.m */; };
		DF6C5E4E1D388E75009CEAF6 /* FirstViewController.m in Sources */ = {isa = PBXBuildFile; fileRef = DF6C5E141D388E75009CEAF6 /* FirstViewController.m */; };
		DF6C5E4F1D388E75009CEAF6 /* FourthViewController.m in Sources */ = {isa = PBXBuildFile; fileRef = DF6C5E161D388E75009CEAF6 /* FourthViewController.m */; };
		DF6C5E501D388E75009CEAF6 /* SecondViewController.m in Sources */ = {isa = PBXBuildFile; fileRef = DF6C5E181D388E75009CEAF6 /* SecondViewController.m */; };
		DF6C5E511D388E75009CEAF6 /* ThirdViewController.m in Sources */ = {isa = PBXBuildFile; fileRef = DF6C5E1A1D388E75009CEAF6 /* ThirdViewController.m */; };
		DF7C8E201D227C2000C3E994 /* BaiduMapAPI_Base.framework in Frameworks */ = {isa = PBXBuildFile; fileRef = DF7C8E191D227C2000C3E994 /* BaiduMapAPI_Base.framework */; };
		DF7C8E211D227C2000C3E994 /* BaiduMapAPI_Cloud.framework in Frameworks */ = {isa = PBXBuildFile; fileRef = DF7C8E1A1D227C2000C3E994 /* BaiduMapAPI_Cloud.framework */; };
		DF7C8E221D227C2000C3E994 /* BaiduMapAPI_Location.framework in Frameworks */ = {isa = PBXBuildFile; fileRef = DF7C8E1B1D227C2000C3E994 /* BaiduMapAPI_Location.framework */; };
		DF7C8E231D227C2000C3E994 /* BaiduMapAPI_Map.framework in Frameworks */ = {isa = PBXBuildFile; fileRef = DF7C8E1C1D227C2000C3E994 /* BaiduMapAPI_Map.framework */; };
		DF7C8E241D227C2000C3E994 /* BaiduMapAPI_Radar.framework in Frameworks */ = {isa = PBXBuildFile; fileRef = DF7C8E1D1D227C2000C3E994 /* BaiduMapAPI_Radar.framework */; };
		DF7C8E251D227C2000C3E994 /* BaiduMapAPI_Search.framework in Frameworks */ = {isa = PBXBuildFile; fileRef = DF7C8E1E1D227C2000C3E994 /* BaiduMapAPI_Search.framework */; };
		DF7C8E261D227C2000C3E994 /* BaiduMapAPI_Utils.framework in Frameworks */ = {isa = PBXBuildFile; fileRef = DF7C8E1F1D227C2000C3E994 /* BaiduMapAPI_Utils.framework */; };
		DF84A9851D01388C009F9F98 /* InfoPlist.strings in Resources */ = {isa = PBXBuildFile; fileRef = DF84A9871D01388C009F9F98 /* InfoPlist.strings */; };
		DF84A98B1D0151AE009F9F98 /* Accounts.framework in Frameworks */ = {isa = PBXBuildFile; fileRef = DF84A98A1D0151AE009F9F98 /* Accounts.framework */; };
		DF84A98D1D0151C1009F9F98 /* CoreData.framework in Frameworks */ = {isa = PBXBuildFile; fileRef = DF84A98C1D0151C1009F9F98 /* CoreData.framework */; };
		DF84A98F1D0151DA009F9F98 /* CoreText.framework in Frameworks */ = {isa = PBXBuildFile; fileRef = DF84A98E1D0151DA009F9F98 /* CoreText.framework */; };
		DF84A9911D0151F9009F9F98 /* MapKit.framework in Frameworks */ = {isa = PBXBuildFile; fileRef = DF84A9901D0151F9009F9F98 /* MapKit.framework */; };
		DF84A9931D01542C009F9F98 /* CoreLocation.framework in Frameworks */ = {isa = PBXBuildFile; fileRef = DF84A9921D01542C009F9F98 /* CoreLocation.framework */; };
		DF84A9951D01543D009F9F98 /* SystemConfiguration.framework in Frameworks */ = {isa = PBXBuildFile; fileRef = DF84A9941D01543D009F9F98 /* SystemConfiguration.framework */; };
		DF84A9971D01548C009F9F98 /* AddressBook.framework in Frameworks */ = {isa = PBXBuildFile; fileRef = DF84A9961D01548C009F9F98 /* AddressBook.framework */; };
		DF84A9991D01549C009F9F98 /* CFNetwork.framework in Frameworks */ = {isa = PBXBuildFile; fileRef = DF84A9981D01549C009F9F98 /* CFNetwork.framework */; };
		DF84A9C41D0168C3009F9F98 /* Localizable.strings in Resources */ = {isa = PBXBuildFile; fileRef = DF84A9C61D0168C3009F9F98 /* Localizable.strings */; };
		DF8ACBD31D19257E0013AE86 /* index.css in Resources */ = {isa = PBXBuildFile; fileRef = DF8ACBD11D19257E0013AE86 /* index.css */; };
		DF8ACBD41D19257E0013AE86 /* index.html in Resources */ = {isa = PBXBuildFile; fileRef = DF8ACBD21D19257E0013AE86 /* index.html */; };
		DF99546B1D00226C0052A43B /* Foundation.framework in Frameworks */ = {isa = PBXBuildFile; fileRef = DF99546A1D00226C0052A43B /* Foundation.framework */; };
		DFC8A9371D265EBD00631057 /* QuartzCore.framework in Frameworks */ = {isa = PBXBuildFile; fileRef = DFC8A9361D265EBD00631057 /* QuartzCore.framework */; };
		DFC8A9391D265EDA00631057 /* OpenGLES.framework in Frameworks */ = {isa = PBXBuildFile; fileRef = DFC8A9381D265EDA00631057 /* OpenGLES.framework */; };
		DFC8A93B1D265EF800631057 /* CoreGraphics.framework in Frameworks */ = {isa = PBXBuildFile; fileRef = DFC8A93A1D265EF800631057 /* CoreGraphics.framework */; };
		DFC8A93D1D265F0900631057 /* Security.framework in Frameworks */ = {isa = PBXBuildFile; fileRef = DFC8A93C1D265F0900631057 /* Security.framework */; };
		DFC8A93F1D265F2900631057 /* libsqlite3.0.tbd in Frameworks */ = {isa = PBXBuildFile; fileRef = DFC8A93E1D265F2900631057 /* libsqlite3.0.tbd */; };
		DFC8A9411D265F4600631057 /* CoreTelephony.framework in Frameworks */ = {isa = PBXBuildFile; fileRef = DFC8A9401D265F4600631057 /* CoreTelephony.framework */; };
/* End PBXBuildFile section */

/* Begin PBXContainerItemProxy section */
		DF360EE51CFFC61400D5953B /* PBXContainerItemProxy */ = {
			isa = PBXContainerItemProxy;
			containerPortal = DF360EC31CFFC61400D5953B /* Project object */;
			proxyType = 1;
			remoteGlobalIDString = DF360ECA1CFFC61400D5953B;
			remoteInfo = ChatDemoTest;
		};
		DF360EF01CFFC61400D5953B /* PBXContainerItemProxy */ = {
			isa = PBXContainerItemProxy;
			containerPortal = DF360EC31CFFC61400D5953B /* Project object */;
			proxyType = 1;
			remoteGlobalIDString = DF360ECA1CFFC61400D5953B;
			remoteInfo = ChatDemoTest;
		};
/* End PBXContainerItemProxy section */

/* Begin PBXFileReference section */
		DF2AC6AD1D0003CB002A5853 /* ChatDemoUIDefine.h */ = {isa = PBXFileReference; lastKnownFileType = sourcecode.c.h; path = ChatDemoUIDefine.h; sourceTree = "<group>"; };
		DF360ECB1CFFC61400D5953B /* ChatDemoTest.app */ = {isa = PBXFileReference; explicitFileType = wrapper.application; includeInIndex = 0; path = ChatDemoTest.app; sourceTree = BUILT_PRODUCTS_DIR; };
		DF360ECF1CFFC61400D5953B /* main.m */ = {isa = PBXFileReference; lastKnownFileType = sourcecode.c.objc; path = main.m; sourceTree = "<group>"; };
		DF360ED11CFFC61400D5953B /* AppDelegate.h */ = {isa = PBXFileReference; lastKnownFileType = sourcecode.c.h; path = AppDelegate.h; sourceTree = "<group>"; };
		DF360ED21CFFC61400D5953B /* AppDelegate.mm */ = {isa = PBXFileReference; lastKnownFileType = sourcecode.cpp.objcpp; path = AppDelegate.mm; sourceTree = "<group>"; };
		DF360EDA1CFFC61400D5953B /* Assets.xcassets */ = {isa = PBXFileReference; lastKnownFileType = folder.assetcatalog; path = Assets.xcassets; sourceTree = "<group>"; };
		DF360EDD1CFFC61400D5953B /* Base */ = {isa = PBXFileReference; lastKnownFileType = file.storyboard; name = Base; path = Base.lproj/LaunchScreen.storyboard; sourceTree = "<group>"; };
		DF360EDF1CFFC61400D5953B /* Info.plist */ = {isa = PBXFileReference; lastKnownFileType = text.plist.xml; path = Info.plist; sourceTree = "<group>"; };
		DF360EE41CFFC61400D5953B /* ChatDemoTestTests.xctest */ = {isa = PBXFileReference; explicitFileType = wrapper.cfbundle; includeInIndex = 0; path = ChatDemoTestTests.xctest; sourceTree = BUILT_PRODUCTS_DIR; };
		DF360EE81CFFC61400D5953B /* ChatDemoTestTests.m */ = {isa = PBXFileReference; lastKnownFileType = sourcecode.c.objc; path = ChatDemoTestTests.m; sourceTree = "<group>"; };
		DF360EEA1CFFC61400D5953B /* Info.plist */ = {isa = PBXFileReference; lastKnownFileType = text.plist.xml; path = Info.plist; sourceTree = "<group>"; };
		DF360EEF1CFFC61400D5953B /* ChatDemoTestUITests.xctest */ = {isa = PBXFileReference; explicitFileType = wrapper.cfbundle; includeInIndex = 0; path = ChatDemoTestUITests.xctest; sourceTree = BUILT_PRODUCTS_DIR; };
		DF360EF31CFFC61400D5953B /* ChatDemoTestUITests.m */ = {isa = PBXFileReference; lastKnownFileType = sourcecode.c.objc; path = ChatDemoTestUITests.m; sourceTree = "<group>"; };
		DF360EF51CFFC61400D5953B /* Info.plist */ = {isa = PBXFileReference; lastKnownFileType = text.plist.xml; path = Info.plist; sourceTree = "<group>"; };
		DF360F021CFFC89800D5953B /* CoreMedia.framework */ = {isa = PBXFileReference; lastKnownFileType = wrapper.framework; name = CoreMedia.framework; path = System/Library/Frameworks/CoreMedia.framework; sourceTree = SDKROOT; };
		DF360F041CFFC8C200D5953B /* AudioToolbox.framework */ = {isa = PBXFileReference; lastKnownFileType = wrapper.framework; name = AudioToolbox.framework; path = System/Library/Frameworks/AudioToolbox.framework; sourceTree = SDKROOT; };
		DF360F061CFFC8CD00D5953B /* AVFoundation.framework */ = {isa = PBXFileReference; lastKnownFileType = wrapper.framework; name = AVFoundation.framework; path = System/Library/Frameworks/AVFoundation.framework; sourceTree = SDKROOT; };
		DF360F081CFFC8D700D5953B /* MobileCoreServices.framework */ = {isa = PBXFileReference; lastKnownFileType = wrapper.framework; name = MobileCoreServices.framework; path = System/Library/Frameworks/MobileCoreServices.framework; sourceTree = SDKROOT; };
		DF360F0A1CFFC8E000D5953B /* ImageIO.framework */ = {isa = PBXFileReference; lastKnownFileType = wrapper.framework; name = ImageIO.framework; path = System/Library/Frameworks/ImageIO.framework; sourceTree = SDKROOT; };
		DF360F0C1CFFC8EE00D5953B /* libc++.tbd */ = {isa = PBXFileReference; lastKnownFileType = "sourcecode.text-based-dylib-definition"; name = "libc++.tbd"; path = "usr/lib/libc++.tbd"; sourceTree = SDKROOT; };
		DF360F0E1CFFC8F900D5953B /* libz.tbd */ = {isa = PBXFileReference; lastKnownFileType = "sourcecode.text-based-dylib-definition"; name = libz.tbd; path = usr/lib/libz.tbd; sourceTree = SDKROOT; };
		DF360F101CFFC90400D5953B /* libstdc++.6.0.9.tbd */ = {isa = PBXFileReference; lastKnownFileType = "sourcecode.text-based-dylib-definition"; name = "libstdc++.6.0.9.tbd"; path = "usr/lib/libstdc++.6.0.9.tbd"; sourceTree = SDKROOT; };
		DF360F121CFFC90F00D5953B /* libsqlite3.tbd */ = {isa = PBXFileReference; lastKnownFileType = "sourcecode.text-based-dylib-definition"; name = libsqlite3.tbd; path = usr/lib/libsqlite3.tbd; sourceTree = SDKROOT; };
		DF360F141CFFC91700D5953B /* libiconv.tbd */ = {isa = PBXFileReference; lastKnownFileType = "sourcecode.text-based-dylib-definition"; name = libiconv.tbd; path = usr/lib/libiconv.tbd; sourceTree = SDKROOT; };
		DF6C5DA61D388E75009CEAF6 /* ChatListTableViewController.h */ = {isa = PBXFileReference; fileEncoding = 4; lastKnownFileType = sourcecode.c.h; path = ChatListTableViewController.h; sourceTree = "<group>"; };
		DF6C5DA71D388E75009CEAF6 /* ChatListTableViewController.m */ = {isa = PBXFileReference; fileEncoding = 4; lastKnownFileType = sourcecode.c.objc; path = ChatListTableViewController.m; sourceTree = "<group>"; };
		DF6C5DA91D388E75009CEAF6 /* HMNavigationController.h */ = {isa = PBXFileReference; fileEncoding = 4; lastKnownFileType = sourcecode.c.h; path = HMNavigationController.h; sourceTree = "<group>"; };
		DF6C5DAA1D388E75009CEAF6 /* HMNavigationController.m */ = {isa = PBXFileReference; fileEncoding = 4; lastKnownFileType = sourcecode.c.objc; path = HMNavigationController.m; sourceTree = "<group>"; };
		DF6C5DAB1D388E75009CEAF6 /* HMTabBar.h */ = {isa = PBXFileReference; fileEncoding = 4; lastKnownFileType = sourcecode.c.h; path = HMTabBar.h; sourceTree = "<group>"; };
		DF6C5DAC1D388E75009CEAF6 /* HMTabBar.m */ = {isa = PBXFileReference; fileEncoding = 4; lastKnownFileType = sourcecode.c.objc; path = HMTabBar.m; sourceTree = "<group>"; };
		DF6C5DAD1D388E75009CEAF6 /* HMTabBarViewController.h */ = {isa = PBXFileReference; fileEncoding = 4; lastKnownFileType = sourcecode.c.h; path = HMTabBarViewController.h; sourceTree = "<group>"; };
		DF6C5DAE1D388E75009CEAF6 /* HMTabBarViewController.m */ = {isa = PBXFileReference; fileEncoding = 4; lastKnownFileType = sourcecode.c.objc; path = HMTabBarViewController.m; sourceTree = "<group>"; };
		DF6C5DB11D388E75009CEAF6 /* ButtonsViewController.h */ = {isa = PBXFileReference; fileEncoding = 4; lastKnownFileType = sourcecode.c.h; path = ButtonsViewController.h; sourceTree = "<group>"; };
		DF6C5DB21D388E75009CEAF6 /* ButtonsViewController.m */ = {isa = PBXFileReference; fileEncoding = 4; lastKnownFileType = sourcecode.c.objc; path = ButtonsViewController.m; sourceTree = "<group>"; };
		DF6C5DB31D388E75009CEAF6 /* HomeViewController.h */ = {isa = PBXFileReference; fileEncoding = 4; lastKnownFileType = sourcecode.c.h; path = HomeViewController.h; sourceTree = "<group>"; };
		DF6C5DB41D388E75009CEAF6 /* HomeViewController.m */ = {isa = PBXFileReference; fileEncoding = 4; lastKnownFileType = sourcecode.c.objc; path = HomeViewController.m; sourceTree = "<group>"; };
		DF6C5DB51D388E75009CEAF6 /* NearbySpotsTableViewController.h */ = {isa = PBXFileReference; fileEncoding = 4; lastKnownFileType = sourcecode.c.h; path = NearbySpotsTableViewController.h; sourceTree = "<group>"; };
		DF6C5DB61D388E75009CEAF6 /* NearbySpotsTableViewController.m */ = {isa = PBXFileReference; fileEncoding = 4; lastKnownFileType = sourcecode.c.objc; path = NearbySpotsTableViewController.m; sourceTree = "<group>"; };
		DF6C5DB71D388E75009CEAF6 /* SearchMySpotsViewController.h */ = {isa = PBXFileReference; fileEncoding = 4; lastKnownFileType = sourcecode.c.h; path = SearchMySpotsViewController.h; sourceTree = "<group>"; };
		DF6C5DB81D388E75009CEAF6 /* SearchMySpotsViewController.m */ = {isa = PBXFileReference; fileEncoding = 4; lastKnownFileType = sourcecode.c.objc; path = SearchMySpotsViewController.m; sourceTree = "<group>"; };
		DF6C5DB91D388E75009CEAF6 /* SearchMySpotsViewController.xib */ = {isa = PBXFileReference; fileEncoding = 4; lastKnownFileType = file.xib; path = SearchMySpotsViewController.xib; sourceTree = "<group>"; };
		DF6C5DBA1D388E75009CEAF6 /* SpotDetailWebviewController.h */ = {isa = PBXFileReference; fileEncoding = 4; lastKnownFileType = sourcecode.c.h; path = SpotDetailWebviewController.h; sourceTree = "<group>"; };
		DF6C5DBB1D388E75009CEAF6 /* SpotDetailWebviewController.m */ = {isa = PBXFileReference; fileEncoding = 4; lastKnownFileType = sourcecode.c.objc; path = SpotDetailWebviewController.m; sourceTree = "<group>"; };
		DF6C5DBC1D388E75009CEAF6 /* SpotsSearchViewController.h */ = {isa = PBXFileReference; fileEncoding = 4; lastKnownFileType = sourcecode.c.h; path = SpotsSearchViewController.h; sourceTree = "<group>"; };
		DF6C5DBD1D388E75009CEAF6 /* SpotsSearchViewController.m */ = {isa = PBXFileReference; fileEncoding = 4; lastKnownFileType = sourcecode.c.objc; path = SpotsSearchViewController.m; sourceTree = "<group>"; };
		DF6C5DBE1D388E75009CEAF6 /* TrainSearch.storyboard */ = {isa = PBXFileReference; fileEncoding = 4; lastKnownFileType = file.storyboard; path = TrainSearch.storyboard; sourceTree = "<group>"; };
		DF6C5DBF1D388E75009CEAF6 /* TrainSearchViewController.h */ = {isa = PBXFileReference; fileEncoding = 4; lastKnownFileType = sourcecode.c.h; path = TrainSearchViewController.h; sourceTree = "<group>"; };
		DF6C5DC01D388E75009CEAF6 /* TrainSearchViewController.m */ = {isa = PBXFileReference; fileEncoding = 4; lastKnownFileType = sourcecode.c.objc; path = TrainSearchViewController.m; sourceTree = "<group>"; };
		DF6C5DC11D388E75009CEAF6 /* TravelsDetailTableViewController.h */ = {isa = PBXFileReference; fileEncoding = 4; lastKnownFileType = sourcecode.c.h; path = TravelsDetailTableViewController.h; sourceTree = "<group>"; };
		DF6C5DC21D388E75009CEAF6 /* TravelsDetailTableViewController.m */ = {isa = PBXFileReference; fileEncoding = 4; lastKnownFileType = sourcecode.c.objc; path = TravelsDetailTableViewController.m; sourceTree = "<group>"; };
		DF6C5DC31D388E75009CEAF6 /* WeatherSearch.storyboard */ = {isa = PBXFileReference; fileEncoding = 4; lastKnownFileType = file.storyboard; path = WeatherSearch.storyboard; sourceTree = "<group>"; };
		DF6C5DC41D388E75009CEAF6 /* WeatherSearchViewController.h */ = {isa = PBXFileReference; fileEncoding = 4; lastKnownFileType = sourcecode.c.h; path = WeatherSearchViewController.h; sourceTree = "<group>"; };
		DF6C5DC51D388E75009CEAF6 /* WeatherSearchViewController.m */ = {isa = PBXFileReference; fileEncoding = 4; lastKnownFileType = sourcecode.c.objc; path = WeatherSearchViewController.m; sourceTree = "<group>"; };
		DF6C5DC71D388E75009CEAF6 /* HomeTravelsCellModel.h */ = {isa = PBXFileReference; fileEncoding = 4; lastKnownFileType = sourcecode.c.h; path = HomeTravelsCellModel.h; sourceTree = "<group>"; };
		DF6C5DC81D388E75009CEAF6 /* HomeTravelsCellModel.m */ = {isa = PBXFileReference; fileEncoding = 4; lastKnownFileType = sourcecode.c.objc; path = HomeTravelsCellModel.m; sourceTree = "<group>"; };
		DF6C5DC91D388E75009CEAF6 /* ScenicspotListDataInfo.h */ = {isa = PBXFileReference; fileEncoding = 4; lastKnownFileType = sourcecode.c.h; path = ScenicspotListDataInfo.h; sourceTree = "<group>"; };
		DF6C5DCA1D388E75009CEAF6 /* ScenicspotListDataInfo.m */ = {isa = PBXFileReference; fileEncoding = 4; lastKnownFileType = sourcecode.c.objc; path = ScenicspotListDataInfo.m; sourceTree = "<group>"; };
		DF6C5DCB1D388E75009CEAF6 /* SpotsSearchPageDataSource.h */ = {isa = PBXFileReference; fileEncoding = 4; lastKnownFileType = sourcecode.c.h; path = SpotsSearchPageDataSource.h; sourceTree = "<group>"; };
		DF6C5DCC1D388E75009CEAF6 /* SpotsSearchPageDataSource.m */ = {isa = PBXFileReference; fileEncoding = 4; lastKnownFileType = sourcecode.c.objc; path = SpotsSearchPageDataSource.m; sourceTree = "<group>"; };
		DF6C5DCE1D388E75009CEAF6 /* CategorySearchView.h */ = {isa = PBXFileReference; fileEncoding = 4; lastKnownFileType = sourcecode.c.h; path = CategorySearchView.h; sourceTree = "<group>"; };
		DF6C5DCF1D388E75009CEAF6 /* CategorySearchView.m */ = {isa = PBXFileReference; fileEncoding = 4; lastKnownFileType = sourcecode.c.objc; path = CategorySearchView.m; sourceTree = "<group>"; };
		DF6C5DD01D388E75009CEAF6 /* HomeTravelsCunstomTableViewCell.h */ = {isa = PBXFileReference; fileEncoding = 4; lastKnownFileType = sourcecode.c.h; path = HomeTravelsCunstomTableViewCell.h; sourceTree = "<group>"; };
		DF6C5DD11D388E75009CEAF6 /* HomeTravelsCunstomTableViewCell.m */ = {isa = PBXFileReference; fileEncoding = 4; lastKnownFileType = sourcecode.c.objc; path = HomeTravelsCunstomTableViewCell.m; sourceTree = "<group>"; };
		DF6C5DD21D388E75009CEAF6 /* HomeTravelsTableViewCell.h */ = {isa = PBXFileReference; fileEncoding = 4; lastKnownFileType = sourcecode.c.h; path = HomeTravelsTableViewCell.h; sourceTree = "<group>"; };
		DF6C5DD31D388E75009CEAF6 /* HomeTravelsTableViewCell.m */ = {isa = PBXFileReference; fileEncoding = 4; lastKnownFileType = sourcecode.c.objc; path = HomeTravelsTableViewCell.m; sourceTree = "<group>"; };
		DF6C5DD41D388E75009CEAF6 /* HomeTravelsTableViewCell.xib */ = {isa = PBXFileReference; fileEncoding = 4; lastKnownFileType = file.xib; path = HomeTravelsTableViewCell.xib; sourceTree = "<group>"; };
		DF6C5DD51D388E75009CEAF6 /* TrainDetailTableViewCell.h */ = {isa = PBXFileReference; fileEncoding = 4; lastKnownFileType = sourcecode.c.h; path = TrainDetailTableViewCell.h; sourceTree = "<group>"; };
		DF6C5DD61D388E75009CEAF6 /* TrainDetailTableViewCell.m */ = {isa = PBXFileReference; fileEncoding = 4; lastKnownFileType = sourcecode.c.objc; path = TrainDetailTableViewCell.m; sourceTree = "<group>"; };
		DF6C5DD71D388E75009CEAF6 /* TrainDetailTableViewCell.xib */ = {isa = PBXFileReference; fileEncoding = 4; lastKnownFileType = file.xib; path = TrainDetailTableViewCell.xib; sourceTree = "<group>"; };
		DF6C5DD81D388E75009CEAF6 /* TrainSearchDetailTableView.h */ = {isa = PBXFileReference; fileEncoding = 4; lastKnownFileType = sourcecode.c.h; path = TrainSearchDetailTableView.h; sourceTree = "<group>"; };
		DF6C5DD91D388E75009CEAF6 /* TrainSearchDetailTableView.m */ = {isa = PBXFileReference; fileEncoding = 4; lastKnownFileType = sourcecode.c.objc; path = TrainSearchDetailTableView.m; sourceTree = "<group>"; };
		DF6C5DDA1D388E75009CEAF6 /* travelsDetail.storyboard */ = {isa = PBXFileReference; fileEncoding = 4; lastKnownFileType = file.storyboard; path = travelsDetail.storyboard; sourceTree = "<group>"; };
		DF6C5DDB1D388E75009CEAF6 /* LoginViewController.h */ = {isa = PBXFileReference; fileEncoding = 4; lastKnownFileType = sourcecode.c.h; path = LoginViewController.h; sourceTree = "<group>"; };
		DF6C5DDC1D388E75009CEAF6 /* LoginViewController.m */ = {isa = PBXFileReference; fileEncoding = 4; lastKnownFileType = sourcecode.c.objc; path = LoginViewController.m; sourceTree = "<group>"; };
		DF6C5DDD1D388E75009CEAF6 /* LoginViewController.xib */ = {isa = PBXFileReference; fileEncoding = 4; lastKnownFileType = file.xib; path = LoginViewController.xib; sourceTree = "<group>"; };
		DF6C5DDF1D388E75009CEAF6 /* TCAPI.h */ = {isa = PBXFileReference; fileEncoding = 4; lastKnownFileType = sourcecode.c.h; path = TCAPI.h; sourceTree = "<group>"; };
		DF6C5DE01D388E75009CEAF6 /* TCMainServerCenter.h */ = {isa = PBXFileReference; fileEncoding = 4; lastKnownFileType = sourcecode.c.h; path = TCMainServerCenter.h; sourceTree = "<group>"; };
		DF6C5DE11D388E75009CEAF6 /* TCMainServerCenter.m */ = {isa = PBXFileReference; fileEncoding = 4; lastKnownFileType = sourcecode.c.objc; path = TCMainServerCenter.m; sourceTree = "<group>"; };
		DF6C5DE21D388E75009CEAF6 /* TCResponse.h */ = {isa = PBXFileReference; fileEncoding = 4; lastKnownFileType = sourcecode.c.h; path = TCResponse.h; sourceTree = "<group>"; };
		DF6C5DE31D388E75009CEAF6 /* TCResponse.m */ = {isa = PBXFileReference; fileEncoding = 4; lastKnownFileType = sourcecode.c.objc; path = TCResponse.m; sourceTree = "<group>"; };
		DF6C5DE41D388E75009CEAF6 /* TCSignatureGenerator.h */ = {isa = PBXFileReference; fileEncoding = 4; lastKnownFileType = sourcecode.c.h; path = TCSignatureGenerator.h; sourceTree = "<group>"; };
		DF6C5DE51D388E75009CEAF6 /* TCSignatureGenerator.m */ = {isa = PBXFileReference; fileEncoding = 4; lastKnownFileType = sourcecode.c.objc; path = TCSignatureGenerator.m; sourceTree = "<group>"; };
		DF6C5DE81D388E75009CEAF6 /* MyImagePicker.h */ = {isa = PBXFileReference; fileEncoding = 4; lastKnownFileType = sourcecode.c.h; path = MyImagePicker.h; sourceTree = "<group>"; };
		DF6C5DE91D388E75009CEAF6 /* MyImagePicker.m */ = {isa = PBXFileReference; fileEncoding = 4; lastKnownFileType = sourcecode.c.objc; path = MyImagePicker.m; sourceTree = "<group>"; };
		DF6C5DEA1D388E75009CEAF6 /* MySimplePhotoBrowser.h */ = {isa = PBXFileReference; fileEncoding = 4; lastKnownFileType = sourcecode.c.h; path = MySimplePhotoBrowser.h; sourceTree = "<group>"; };
		DF6C5DEB1D388E75009CEAF6 /* MySimplePhotoBrowser.m */ = {isa = PBXFileReference; fileEncoding = 4; lastKnownFileType = sourcecode.c.objc; path = MySimplePhotoBrowser.m; sourceTree = "<group>"; };
		DF6C5DEE1D388E75009CEAF6 /* UIViewController+Example.h */ = {isa = PBXFileReference; fileEncoding = 4; lastKnownFileType = sourcecode.c.h; path = "UIViewController+Example.h"; sourceTree = "<group>"; };
		DF6C5DEF1D388E75009CEAF6 /* UIViewController+Example.m */ = {isa = PBXFileReference; fileEncoding = 4; lastKnownFileType = sourcecode.c.objc; path = "UIViewController+Example.m"; sourceTree = "<group>"; };
		DF6C5DF11D388E75009CEAF6 /* CustomRefresh.h */ = {isa = PBXFileReference; fileEncoding = 4; lastKnownFileType = sourcecode.c.h; path = CustomRefresh.h; sourceTree = "<group>"; };
		DF6C5DF21D388E75009CEAF6 /* MJChiBaoZiFooter.h */ = {isa = PBXFileReference; fileEncoding = 4; lastKnownFileType = sourcecode.c.h; path = MJChiBaoZiFooter.h; sourceTree = "<group>"; };
		DF6C5DF31D388E75009CEAF6 /* MJChiBaoZiFooter.m */ = {isa = PBXFileReference; fileEncoding = 4; lastKnownFileType = sourcecode.c.objc; path = MJChiBaoZiFooter.m; sourceTree = "<group>"; };
		DF6C5DF41D388E75009CEAF6 /* MJChiBaoZiFooter2.h */ = {isa = PBXFileReference; fileEncoding = 4; lastKnownFileType = sourcecode.c.h; path = MJChiBaoZiFooter2.h; sourceTree = "<group>"; };
		DF6C5DF51D388E75009CEAF6 /* MJChiBaoZiFooter2.m */ = {isa = PBXFileReference; fileEncoding = 4; lastKnownFileType = sourcecode.c.objc; path = MJChiBaoZiFooter2.m; sourceTree = "<group>"; };
		DF6C5DF61D388E75009CEAF6 /* MJChiBaoZiHeader.h */ = {isa = PBXFileReference; fileEncoding = 4; lastKnownFileType = sourcecode.c.h; path = MJChiBaoZiHeader.h; sourceTree = "<group>"; };
		DF6C5DF71D388E75009CEAF6 /* MJChiBaoZiHeader.m */ = {isa = PBXFileReference; fileEncoding = 4; lastKnownFileType = sourcecode.c.objc; path = MJChiBaoZiHeader.m; sourceTree = "<group>"; };
		DF6C5DF81D388E75009CEAF6 /* MJDIYAutoFooter.h */ = {isa = PBXFileReference; fileEncoding = 4; lastKnownFileType = sourcecode.c.h; path = MJDIYAutoFooter.h; sourceTree = "<group>"; };
		DF6C5DF91D388E75009CEAF6 /* MJDIYAutoFooter.m */ = {isa = PBXFileReference; fileEncoding = 4; lastKnownFileType = sourcecode.c.objc; path = MJDIYAutoFooter.m; sourceTree = "<group>"; };
		DF6C5DFA1D388E75009CEAF6 /* MJDIYBackFooter.h */ = {isa = PBXFileReference; fileEncoding = 4; lastKnownFileType = sourcecode.c.h; path = MJDIYBackFooter.h; sourceTree = "<group>"; };
		DF6C5DFB1D388E75009CEAF6 /* MJDIYBackFooter.m */ = {isa = PBXFileReference; fileEncoding = 4; lastKnownFileType = sourcecode.c.objc; path = MJDIYBackFooter.m; sourceTree = "<group>"; };
		DF6C5DFC1D388E75009CEAF6 /* MJDIYHeader.h */ = {isa = PBXFileReference; fileEncoding = 4; lastKnownFileType = sourcecode.c.h; path = MJDIYHeader.h; sourceTree = "<group>"; };
		DF6C5DFD1D388E75009CEAF6 /* MJDIYHeader.m */ = {isa = PBXFileReference; fileEncoding = 4; lastKnownFileType = sourcecode.c.objc; path = MJDIYHeader.m; sourceTree = "<group>"; };
		DF6C5DFF1D388E75009CEAF6 /* MySegmentControlView.h */ = {isa = PBXFileReference; fileEncoding = 4; lastKnownFileType = sourcecode.c.h; path = MySegmentControlView.h; sourceTree = "<group>"; };
		DF6C5E001D388E75009CEAF6 /* MySegmentControlView.m */ = {isa = PBXFileReference; fileEncoding = 4; lastKnownFileType = sourcecode.c.objc; path = MySegmentControlView.m; sourceTree = "<group>"; };
		DF6C5E011D388E75009CEAF6 /* UIView+Extension.h */ = {isa = PBXFileReference; fileEncoding = 4; lastKnownFileType = sourcecode.c.h; path = "UIView+Extension.h"; sourceTree = "<group>"; };
		DF6C5E021D388E75009CEAF6 /* UIView+Extension.m */ = {isa = PBXFileReference; fileEncoding = 4; lastKnownFileType = sourcecode.c.objc; path = "UIView+Extension.m"; sourceTree = "<group>"; };
		DF6C5E031D388E75009CEAF6 /* RegistViewController.h */ = {isa = PBXFileReference; fileEncoding = 4; lastKnownFileType = sourcecode.c.h; path = RegistViewController.h; sourceTree = "<group>"; };
		DF6C5E041D388E75009CEAF6 /* RegistViewController.m */ = {isa = PBXFileReference; fileEncoding = 4; lastKnownFileType = sourcecode.c.objc; path = RegistViewController.m; sourceTree = "<group>"; };
		DF6C5E051D388E75009CEAF6 /* RegistViewController.xib */ = {isa = PBXFileReference; fileEncoding = 4; lastKnownFileType = file.xib; path = RegistViewController.xib; sourceTree = "<group>"; };
		DF6C5E071D388E75009CEAF6 /* AboutUsViewController.h */ = {isa = PBXFileReference; fileEncoding = 4; lastKnownFileType = sourcecode.c.h; path = AboutUsViewController.h; sourceTree = "<group>"; };
		DF6C5E081D388E75009CEAF6 /* AboutUsViewController.m */ = {isa = PBXFileReference; fileEncoding = 4; lastKnownFileType = sourcecode.c.objc; path = AboutUsViewController.m; sourceTree = "<group>"; };
		DF6C5E091D388E75009CEAF6 /* IdeaViewController.h */ = {isa = PBXFileReference; fileEncoding = 4; lastKnownFileType = sourcecode.c.h; path = IdeaViewController.h; sourceTree = "<group>"; };
		DF6C5E0A1D388E75009CEAF6 /* IdeaViewController.m */ = {isa = PBXFileReference; fileEncoding = 4; lastKnownFileType = sourcecode.c.objc; path = IdeaViewController.m; sourceTree = "<group>"; };
		DF6C5E0B1D388E75009CEAF6 /* Setting.storyboard */ = {isa = PBXFileReference; fileEncoding = 4; lastKnownFileType = file.storyboard; path = Setting.storyboard; sourceTree = "<group>"; };
		DF6C5E0C1D388E75009CEAF6 /* SettingTableViewController.h */ = {isa = PBXFileReference; fileEncoding = 4; lastKnownFileType = sourcecode.c.h; path = SettingTableViewController.h; sourceTree = "<group>"; };
		DF6C5E0D1D388E75009CEAF6 /* SettingTableViewController.m */ = {isa = PBXFileReference; fileEncoding = 4; lastKnownFileType = sourcecode.c.objc; path = SettingTableViewController.m; sourceTree = "<group>"; };
		DF6C5E0E1D388E75009CEAF6 /* StatementViewController.h */ = {isa = PBXFileReference; fileEncoding = 4; lastKnownFileType = sourcecode.c.h; path = StatementViewController.h; sourceTree = "<group>"; };
		DF6C5E0F1D388E75009CEAF6 /* StatementViewController.m */ = {isa = PBXFileReference; fileEncoding = 4; lastKnownFileType = sourcecode.c.objc; path = StatementViewController.m; sourceTree = "<group>"; };
		DF6C5E101D388E75009CEAF6 /* UserInfoSettingViewController.h */ = {isa = PBXFileReference; fileEncoding = 4; lastKnownFileType = sourcecode.c.h; path = UserInfoSettingViewController.h; sourceTree = "<group>"; };
		DF6C5E111D388E75009CEAF6 /* UserInfoSettingViewController.m */ = {isa = PBXFileReference; fileEncoding = 4; lastKnownFileType = sourcecode.c.objc; path = UserInfoSettingViewController.m; sourceTree = "<group>"; };
		DF6C5E131D388E75009CEAF6 /* FirstViewController.h */ = {isa = PBXFileReference; fileEncoding = 4; lastKnownFileType = sourcecode.c.h; path = FirstViewController.h; sourceTree = "<group>"; };
		DF6C5E141D388E75009CEAF6 /* FirstViewController.m */ = {isa = PBXFileReference; fileEncoding = 4; lastKnownFileType = sourcecode.c.objc; path = FirstViewController.m; sourceTree = "<group>"; };
		DF6C5E151D388E75009CEAF6 /* FourthViewController.h */ = {isa = PBXFileReference; fileEncoding = 4; lastKnownFileType = sourcecode.c.h; path = FourthViewController.h; sourceTree = "<group>"; };
		DF6C5E161D388E75009CEAF6 /* FourthViewController.m */ = {isa = PBXFileReference; fileEncoding = 4; lastKnownFileType = sourcecode.c.objc; path = FourthViewController.m; sourceTree = "<group>"; };
		DF6C5E171D388E75009CEAF6 /* SecondViewController.h */ = {isa = PBXFileReference; fileEncoding = 4; lastKnownFileType = sourcecode.c.h; path = SecondViewController.h; sourceTree = "<group>"; };
		DF6C5E181D388E75009CEAF6 /* SecondViewController.m */ = {isa = PBXFileReference; fileEncoding = 4; lastKnownFileType = sourcecode.c.objc; path = SecondViewController.m; sourceTree = "<group>"; };
		DF6C5E191D388E75009CEAF6 /* ThirdViewController.h */ = {isa = PBXFileReference; fileEncoding = 4; lastKnownFileType = sourcecode.c.h; path = ThirdViewController.h; sourceTree = "<group>"; };
		DF6C5E1A1D388E75009CEAF6 /* ThirdViewController.m */ = {isa = PBXFileReference; fileEncoding = 4; lastKnownFileType = sourcecode.c.objc; path = ThirdViewController.m; sourceTree = "<group>"; };
		DF7C8E191D227C2000C3E994 /* BaiduMapAPI_Base.framework */ = {isa = PBXFileReference; lastKnownFileType = wrapper.framework; path = BaiduMapAPI_Base.framework; sourceTree = "<group>"; };
		DF7C8E1A1D227C2000C3E994 /* BaiduMapAPI_Cloud.framework */ = {isa = PBXFileReference; lastKnownFileType = wrapper.framework; path = BaiduMapAPI_Cloud.framework; sourceTree = "<group>"; };
		DF7C8E1B1D227C2000C3E994 /* BaiduMapAPI_Location.framework */ = {isa = PBXFileReference; lastKnownFileType = wrapper.framework; path = BaiduMapAPI_Location.framework; sourceTree = "<group>"; };
		DF7C8E1C1D227C2000C3E994 /* BaiduMapAPI_Map.framework */ = {isa = PBXFileReference; lastKnownFileType = wrapper.framework; path = BaiduMapAPI_Map.framework; sourceTree = "<group>"; };
		DF7C8E1D1D227C2000C3E994 /* BaiduMapAPI_Radar.framework */ = {isa = PBXFileReference; lastKnownFileType = wrapper.framework; path = BaiduMapAPI_Radar.framework; sourceTree = "<group>"; };
		DF7C8E1E1D227C2000C3E994 /* BaiduMapAPI_Search.framework */ = {isa = PBXFileReference; lastKnownFileType = wrapper.framework; path = BaiduMapAPI_Search.framework; sourceTree = "<group>"; };
		DF7C8E1F1D227C2000C3E994 /* BaiduMapAPI_Utils.framework */ = {isa = PBXFileReference; lastKnownFileType = wrapper.framework; path = BaiduMapAPI_Utils.framework; sourceTree = "<group>"; };
		DF84A9791D011436009F9F98 /* zh-Hans-CN */ = {isa = PBXFileReference; lastKnownFileType = text.plist.strings; name = "zh-Hans-CN"; path = "zh-Hans-CN.lproj/LaunchScreen.strings"; sourceTree = "<group>"; };
		DF84A9861D01388C009F9F98 /* zh-Hans-CN */ = {isa = PBXFileReference; lastKnownFileType = text.plist.strings; name = "zh-Hans-CN"; path = "zh-Hans-CN.lproj/InfoPlist.strings"; sourceTree = "<group>"; };
		DF84A9881D013890009F9F98 /* en */ = {isa = PBXFileReference; lastKnownFileType = text.plist.strings; name = en; path = en.lproj/InfoPlist.strings; sourceTree = "<group>"; };
		DF84A9891D013894009F9F98 /* Base */ = {isa = PBXFileReference; lastKnownFileType = text.plist.strings; name = Base; path = Base.lproj/InfoPlist.strings; sourceTree = "<group>"; };
		DF84A98A1D0151AE009F9F98 /* Accounts.framework */ = {isa = PBXFileReference; lastKnownFileType = wrapper.framework; name = Accounts.framework; path = System/Library/Frameworks/Accounts.framework; sourceTree = SDKROOT; };
		DF84A98C1D0151C1009F9F98 /* CoreData.framework */ = {isa = PBXFileReference; lastKnownFileType = wrapper.framework; name = CoreData.framework; path = System/Library/Frameworks/CoreData.framework; sourceTree = SDKROOT; };
		DF84A98E1D0151DA009F9F98 /* CoreText.framework */ = {isa = PBXFileReference; lastKnownFileType = wrapper.framework; name = CoreText.framework; path = System/Library/Frameworks/CoreText.framework; sourceTree = SDKROOT; };
		DF84A9901D0151F9009F9F98 /* MapKit.framework */ = {isa = PBXFileReference; lastKnownFileType = wrapper.framework; name = MapKit.framework; path = System/Library/Frameworks/MapKit.framework; sourceTree = SDKROOT; };
		DF84A9921D01542C009F9F98 /* CoreLocation.framework */ = {isa = PBXFileReference; lastKnownFileType = wrapper.framework; name = CoreLocation.framework; path = System/Library/Frameworks/CoreLocation.framework; sourceTree = SDKROOT; };
		DF84A9941D01543D009F9F98 /* SystemConfiguration.framework */ = {isa = PBXFileReference; lastKnownFileType = wrapper.framework; name = SystemConfiguration.framework; path = System/Library/Frameworks/SystemConfiguration.framework; sourceTree = SDKROOT; };
		DF84A9961D01548C009F9F98 /* AddressBook.framework */ = {isa = PBXFileReference; lastKnownFileType = wrapper.framework; name = AddressBook.framework; path = System/Library/Frameworks/AddressBook.framework; sourceTree = SDKROOT; };
		DF84A9981D01549C009F9F98 /* CFNetwork.framework */ = {isa = PBXFileReference; lastKnownFileType = wrapper.framework; name = CFNetwork.framework; path = System/Library/Frameworks/CFNetwork.framework; sourceTree = SDKROOT; };
		DF84A9C51D0168C3009F9F98 /* zh-Hans-CN */ = {isa = PBXFileReference; lastKnownFileType = text.plist.strings; name = "zh-Hans-CN"; path = "zh-Hans-CN.lproj/Localizable.strings"; sourceTree = "<group>"; };
		DF84A9C71D0168C6009F9F98 /* en */ = {isa = PBXFileReference; lastKnownFileType = text.plist.strings; name = en; path = en.lproj/Localizable.strings; sourceTree = "<group>"; };
		DF84A9C81D0168CE009F9F98 /* Base */ = {isa = PBXFileReference; lastKnownFileType = text.plist.strings; name = Base; path = Base.lproj/Localizable.strings; sourceTree = "<group>"; };
		DF8ACBD11D19257E0013AE86 /* index.css */ = {isa = PBXFileReference; fileEncoding = 4; lastKnownFileType = text.css; path = index.css; sourceTree = "<group>"; };
		DF8ACBD21D19257E0013AE86 /* index.html */ = {isa = PBXFileReference; fileEncoding = 4; lastKnownFileType = text.html; path = index.html; sourceTree = "<group>"; };
		DF99546A1D00226C0052A43B /* Foundation.framework */ = {isa = PBXFileReference; lastKnownFileType = wrapper.framework; name = Foundation.framework; path = System/Library/Frameworks/Foundation.framework; sourceTree = SDKROOT; };
		DFC8A9361D265EBD00631057 /* QuartzCore.framework */ = {isa = PBXFileReference; lastKnownFileType = wrapper.framework; name = QuartzCore.framework; path = System/Library/Frameworks/QuartzCore.framework; sourceTree = SDKROOT; };
		DFC8A9381D265EDA00631057 /* OpenGLES.framework */ = {isa = PBXFileReference; lastKnownFileType = wrapper.framework; name = OpenGLES.framework; path = System/Library/Frameworks/OpenGLES.framework; sourceTree = SDKROOT; };
		DFC8A93A1D265EF800631057 /* CoreGraphics.framework */ = {isa = PBXFileReference; lastKnownFileType = wrapper.framework; name = CoreGraphics.framework; path = System/Library/Frameworks/CoreGraphics.framework; sourceTree = SDKROOT; };
		DFC8A93C1D265F0900631057 /* Security.framework */ = {isa = PBXFileReference; lastKnownFileType = wrapper.framework; name = Security.framework; path = System/Library/Frameworks/Security.framework; sourceTree = SDKROOT; };
		DFC8A93E1D265F2900631057 /* libsqlite3.0.tbd */ = {isa = PBXFileReference; lastKnownFileType = "sourcecode.text-based-dylib-definition"; name = libsqlite3.0.tbd; path = usr/lib/libsqlite3.0.tbd; sourceTree = SDKROOT; };
		DFC8A9401D265F4600631057 /* CoreTelephony.framework */ = {isa = PBXFileReference; lastKnownFileType = wrapper.framework; name = CoreTelephony.framework; path = System/Library/Frameworks/CoreTelephony.framework; sourceTree = SDKROOT; };
		DFF58CC51CFFFBAB000792FB /* ChatDemo-PrefixHeader.pch */ = {isa = PBXFileReference; lastKnownFileType = sourcecode.c.h; path = "ChatDemo-PrefixHeader.pch"; sourceTree = "<group>"; };
/* End PBXFileReference section */

/* Begin PBXFrameworksBuildPhase section */
		DF360EC81CFFC61400D5953B /* Frameworks */ = {
			isa = PBXFrameworksBuildPhase;
			buildActionMask = 2147483647;
			files = (
				DFC8A9411D265F4600631057 /* CoreTelephony.framework in Frameworks */,
				DFC8A93F1D265F2900631057 /* libsqlite3.0.tbd in Frameworks */,
				DFC8A93D1D265F0900631057 /* Security.framework in Frameworks */,
				DFC8A93B1D265EF800631057 /* CoreGraphics.framework in Frameworks */,
				DFC8A9391D265EDA00631057 /* OpenGLES.framework in Frameworks */,
				DFC8A9371D265EBD00631057 /* QuartzCore.framework in Frameworks */,
				DF84A9991D01549C009F9F98 /* CFNetwork.framework in Frameworks */,
				DF84A9971D01548C009F9F98 /* AddressBook.framework in Frameworks */,
				DF7C8E261D227C2000C3E994 /* BaiduMapAPI_Utils.framework in Frameworks */,
				DF360F091CFFC8D700D5953B /* MobileCoreServices.framework in Frameworks */,
				DF84A9951D01543D009F9F98 /* SystemConfiguration.framework in Frameworks */,
				DF84A9931D01542C009F9F98 /* CoreLocation.framework in Frameworks */,
				DF84A9911D0151F9009F9F98 /* MapKit.framework in Frameworks */,
				DF84A98F1D0151DA009F9F98 /* CoreText.framework in Frameworks */,
				DF84A98D1D0151C1009F9F98 /* CoreData.framework in Frameworks */,
				DF7C8E241D227C2000C3E994 /* BaiduMapAPI_Radar.framework in Frameworks */,
				DF84A98B1D0151AE009F9F98 /* Accounts.framework in Frameworks */,
				DF7C8E251D227C2000C3E994 /* BaiduMapAPI_Search.framework in Frameworks */,
				DF99546B1D00226C0052A43B /* Foundation.framework in Frameworks */,
				DF360F151CFFC91700D5953B /* libiconv.tbd in Frameworks */,
				DF360F131CFFC90F00D5953B /* libsqlite3.tbd in Frameworks */,
				DF360F111CFFC90400D5953B /* libstdc++.6.0.9.tbd in Frameworks */,
				DF360F0F1CFFC8F900D5953B /* libz.tbd in Frameworks */,
				DF7C8E201D227C2000C3E994 /* BaiduMapAPI_Base.framework in Frameworks */,
				DF360F0D1CFFC8EE00D5953B /* libc++.tbd in Frameworks */,
				DF360F0B1CFFC8E000D5953B /* ImageIO.framework in Frameworks */,
				DF7C8E221D227C2000C3E994 /* BaiduMapAPI_Location.framework in Frameworks */,
				DF7C8E231D227C2000C3E994 /* BaiduMapAPI_Map.framework in Frameworks */,
				DF7C8E211D227C2000C3E994 /* BaiduMapAPI_Cloud.framework in Frameworks */,
				DF360F071CFFC8CD00D5953B /* AVFoundation.framework in Frameworks */,
				DF360F051CFFC8C200D5953B /* AudioToolbox.framework in Frameworks */,
				DF360F031CFFC89800D5953B /* CoreMedia.framework in Frameworks */,
			);
			runOnlyForDeploymentPostprocessing = 0;
		};
		DF360EE11CFFC61400D5953B /* Frameworks */ = {
			isa = PBXFrameworksBuildPhase;
			buildActionMask = 2147483647;
			files = (
			);
			runOnlyForDeploymentPostprocessing = 0;
		};
		DF360EEC1CFFC61400D5953B /* Frameworks */ = {
			isa = PBXFrameworksBuildPhase;
			buildActionMask = 2147483647;
			files = (
			);
			runOnlyForDeploymentPostprocessing = 0;
		};
/* End PBXFrameworksBuildPhase section */

/* Begin PBXGroup section */
		DF360EC21CFFC61400D5953B = {
			isa = PBXGroup;
			children = (
				DFC8A9401D265F4600631057 /* CoreTelephony.framework */,
				DFC8A93E1D265F2900631057 /* libsqlite3.0.tbd */,
				DFC8A93C1D265F0900631057 /* Security.framework */,
				DFC8A93A1D265EF800631057 /* CoreGraphics.framework */,
				DFC8A9381D265EDA00631057 /* OpenGLES.framework */,
				DFC8A9361D265EBD00631057 /* QuartzCore.framework */,
				DF360F011CFFC84100D5953B /* FrameWorks */,
				DF360ECD1CFFC61400D5953B /* ChatDemoTest */,
				DF360EE71CFFC61400D5953B /* ChatDemoTestTests */,
				DF360EF21CFFC61400D5953B /* ChatDemoTestUITests */,
				DF360ECC1CFFC61400D5953B /* Products */,
			);
			sourceTree = "<group>";
		};
		DF360ECC1CFFC61400D5953B /* Products */ = {
			isa = PBXGroup;
			children = (
				DF360ECB1CFFC61400D5953B /* ChatDemoTest.app */,
				DF360EE41CFFC61400D5953B /* ChatDemoTestTests.xctest */,
				DF360EEF1CFFC61400D5953B /* ChatDemoTestUITests.xctest */,
			);
			name = Products;
			sourceTree = "<group>";
		};
		DF360ECD1CFFC61400D5953B /* ChatDemoTest */ = {
			isa = PBXGroup;
			children = (
				DF6C5DA41D388E75009CEAF6 /* Class */,
				DF360ED11CFFC61400D5953B /* AppDelegate.h */,
				DF360ED21CFFC61400D5953B /* AppDelegate.mm */,
				DF360EDA1CFFC61400D5953B /* Assets.xcassets */,
				DF360EDC1CFFC61400D5953B /* LaunchScreen.storyboard */,
				DF360EDF1CFFC61400D5953B /* Info.plist */,
				DF8ACBD01D19254C0013AE86 /* Uititys */,
				DF360ECE1CFFC61400D5953B /* Supporting Files */,
			);
			path = ChatDemoTest;
			sourceTree = "<group>";
		};
		DF360ECE1CFFC61400D5953B /* Supporting Files */ = {
			isa = PBXGroup;
			children = (
				DF84A9C61D0168C3009F9F98 /* Localizable.strings */,
				DF84A9871D01388C009F9F98 /* InfoPlist.strings */,
				DF360ECF1CFFC61400D5953B /* main.m */,
				DF2AC6AD1D0003CB002A5853 /* ChatDemoUIDefine.h */,
				DFF58CC51CFFFBAB000792FB /* ChatDemo-PrefixHeader.pch */,
			);
			name = "Supporting Files";
			sourceTree = "<group>";
		};
		DF360EE71CFFC61400D5953B /* ChatDemoTestTests */ = {
			isa = PBXGroup;
			children = (
				DF360EE81CFFC61400D5953B /* ChatDemoTestTests.m */,
				DF360EEA1CFFC61400D5953B /* Info.plist */,
			);
			path = ChatDemoTestTests;
			sourceTree = "<group>";
		};
		DF360EF21CFFC61400D5953B /* ChatDemoTestUITests */ = {
			isa = PBXGroup;
			children = (
				DF360EF31CFFC61400D5953B /* ChatDemoTestUITests.m */,
				DF360EF51CFFC61400D5953B /* Info.plist */,
			);
			path = ChatDemoTestUITests;
			sourceTree = "<group>";
		};
		DF360F011CFFC84100D5953B /* FrameWorks */ = {
			isa = PBXGroup;
			children = (
				DF7C8E181D227C2000C3E994 /* BaiduMap_IOSSDK_v3 */,
				DF84A9981D01549C009F9F98 /* CFNetwork.framework */,
				DF84A9961D01548C009F9F98 /* AddressBook.framework */,
				DF84A9941D01543D009F9F98 /* SystemConfiguration.framework */,
				DF84A9921D01542C009F9F98 /* CoreLocation.framework */,
				DF84A9901D0151F9009F9F98 /* MapKit.framework */,
				DF84A98E1D0151DA009F9F98 /* CoreText.framework */,
				DF84A98C1D0151C1009F9F98 /* CoreData.framework */,
				DF84A98A1D0151AE009F9F98 /* Accounts.framework */,
				DF99546A1D00226C0052A43B /* Foundation.framework */,
				DF360F141CFFC91700D5953B /* libiconv.tbd */,
				DF360F121CFFC90F00D5953B /* libsqlite3.tbd */,
				DF360F101CFFC90400D5953B /* libstdc++.6.0.9.tbd */,
				DF360F0E1CFFC8F900D5953B /* libz.tbd */,
				DF360F0C1CFFC8EE00D5953B /* libc++.tbd */,
				DF360F0A1CFFC8E000D5953B /* ImageIO.framework */,
				DF360F081CFFC8D700D5953B /* MobileCoreServices.framework */,
				DF360F061CFFC8CD00D5953B /* AVFoundation.framework */,
				DF360F041CFFC8C200D5953B /* AudioToolbox.framework */,
				DF360F021CFFC89800D5953B /* CoreMedia.framework */,
			);
			path = FrameWorks;
			sourceTree = "<group>";
		};
		DF6C5DA41D388E75009CEAF6 /* Class */ = {
			isa = PBXGroup;
			children = (
				DF6C5DA51D388E75009CEAF6 /* ChatList */,
				DF6C5DA81D388E75009CEAF6 /* HMTabbar */,
				DF6C5DAF1D388E75009CEAF6 /* Home */,
				DF6C5DDB1D388E75009CEAF6 /* LoginViewController.h */,
				DF6C5DDC1D388E75009CEAF6 /* LoginViewController.m */,
				DF6C5DDD1D388E75009CEAF6 /* LoginViewController.xib */,
				DF6C5DDE1D388E75009CEAF6 /* NetworkLayer */,
				DF6C5DE61D388E75009CEAF6 /* Other */,
				DF6C5E031D388E75009CEAF6 /* RegistViewController.h */,
				DF6C5E041D388E75009CEAF6 /* RegistViewController.m */,
				DF6C5E051D388E75009CEAF6 /* RegistViewController.xib */,
				DF6C5E061D388E75009CEAF6 /* Setting */,
				DF6C5E121D388E75009CEAF6 /* TestVIew */,
			);
			path = Class;
			sourceTree = "<group>";
		};
		DF6C5DA51D388E75009CEAF6 /* ChatList */ = {
			isa = PBXGroup;
			children = (
				DF6C5DA61D388E75009CEAF6 /* ChatListTableViewController.h */,
				DF6C5DA71D388E75009CEAF6 /* ChatListTableViewController.m */,
			);
			path = ChatList;
			sourceTree = "<group>";
		};
		DF6C5DA81D388E75009CEAF6 /* HMTabbar */ = {
			isa = PBXGroup;
			children = (
				DF6C5DA91D388E75009CEAF6 /* HMNavigationController.h */,
				DF6C5DAA1D388E75009CEAF6 /* HMNavigationController.m */,
				DF6C5DAB1D388E75009CEAF6 /* HMTabBar.h */,
				DF6C5DAC1D388E75009CEAF6 /* HMTabBar.m */,
				DF6C5DAD1D388E75009CEAF6 /* HMTabBarViewController.h */,
				DF6C5DAE1D388E75009CEAF6 /* HMTabBarViewController.m */,
			);
			path = HMTabbar;
			sourceTree = "<group>";
		};
		DF6C5DAF1D388E75009CEAF6 /* Home */ = {
			isa = PBXGroup;
			children = (
				DF6C5DB01D388E75009CEAF6 /* Controller */,
				DF6C5DC61D388E75009CEAF6 /* Model */,
				DF6C5DCD1D388E75009CEAF6 /* View */,
			);
			path = Home;
			sourceTree = "<group>";
		};
		DF6C5DB01D388E75009CEAF6 /* Controller */ = {
			isa = PBXGroup;
			children = (
				DF6C5DB11D388E75009CEAF6 /* ButtonsViewController.h */,
				DF6C5DB21D388E75009CEAF6 /* ButtonsViewController.m */,
				DF6C5DB31D388E75009CEAF6 /* HomeViewController.h */,
				DF6C5DB41D388E75009CEAF6 /* HomeViewController.m */,
				DF6C5DB51D388E75009CEAF6 /* NearbySpotsTableViewController.h */,
				DF6C5DB61D388E75009CEAF6 /* NearbySpotsTableViewController.m */,
				DF6C5DB71D388E75009CEAF6 /* SearchMySpotsViewController.h */,
				DF6C5DB81D388E75009CEAF6 /* SearchMySpotsViewController.m */,
				DF6C5DB91D388E75009CEAF6 /* SearchMySpotsViewController.xib */,
				DF6C5DBA1D388E75009CEAF6 /* SpotDetailWebviewController.h */,
				DF6C5DBB1D388E75009CEAF6 /* SpotDetailWebviewController.m */,
				DF6C5DBC1D388E75009CEAF6 /* SpotsSearchViewController.h */,
				DF6C5DBD1D388E75009CEAF6 /* SpotsSearchViewController.m */,
				DF6C5DBE1D388E75009CEAF6 /* TrainSearch.storyboard */,
				DF6C5DBF1D388E75009CEAF6 /* TrainSearchViewController.h */,
				DF6C5DC01D388E75009CEAF6 /* TrainSearchViewController.m */,
				DF6C5DC11D388E75009CEAF6 /* TravelsDetailTableViewController.h */,
				DF6C5DC21D388E75009CEAF6 /* TravelsDetailTableViewController.m */,
				DF6C5DC31D388E75009CEAF6 /* WeatherSearch.storyboard */,
				DF6C5DC41D388E75009CEAF6 /* WeatherSearchViewController.h */,
				DF6C5DC51D388E75009CEAF6 /* WeatherSearchViewController.m */,
			);
			path = Controller;
			sourceTree = "<group>";
		};
		DF6C5DC61D388E75009CEAF6 /* Model */ = {
			isa = PBXGroup;
			children = (
				DF6C5DC71D388E75009CEAF6 /* HomeTravelsCellModel.h */,
				DF6C5DC81D388E75009CEAF6 /* HomeTravelsCellModel.m */,
				DF6C5DC91D388E75009CEAF6 /* ScenicspotListDataInfo.h */,
				DF6C5DCA1D388E75009CEAF6 /* ScenicspotListDataInfo.m */,
				DF6C5DCB1D388E75009CEAF6 /* SpotsSearchPageDataSource.h */,
				DF6C5DCC1D388E75009CEAF6 /* SpotsSearchPageDataSource.m */,
			);
			path = Model;
			sourceTree = "<group>";
		};
		DF6C5DCD1D388E75009CEAF6 /* View */ = {
			isa = PBXGroup;
			children = (
				DF6C5DCE1D388E75009CEAF6 /* CategorySearchView.h */,
				DF6C5DCF1D388E75009CEAF6 /* CategorySearchView.m */,
				DF6C5DD01D388E75009CEAF6 /* HomeTravelsCunstomTableViewCell.h */,
				DF6C5DD11D388E75009CEAF6 /* HomeTravelsCunstomTableViewCell.m */,
				DF6C5DD21D388E75009CEAF6 /* HomeTravelsTableViewCell.h */,
				DF6C5DD31D388E75009CEAF6 /* HomeTravelsTableViewCell.m */,
				DF6C5DD41D388E75009CEAF6 /* HomeTravelsTableViewCell.xib */,
				DF6C5DD51D388E75009CEAF6 /* TrainDetailTableViewCell.h */,
				DF6C5DD61D388E75009CEAF6 /* TrainDetailTableViewCell.m */,
				DF6C5DD71D388E75009CEAF6 /* TrainDetailTableViewCell.xib */,
				DF6C5DD81D388E75009CEAF6 /* TrainSearchDetailTableView.h */,
				DF6C5DD91D388E75009CEAF6 /* TrainSearchDetailTableView.m */,
				DF6C5DDA1D388E75009CEAF6 /* travelsDetail.storyboard */,
			);
			path = View;
			sourceTree = "<group>";
		};
		DF6C5DDE1D388E75009CEAF6 /* NetworkLayer */ = {
			isa = PBXGroup;
			children = (
				DF6C5DDF1D388E75009CEAF6 /* TCAPI.h */,
				DF6C5DE01D388E75009CEAF6 /* TCMainServerCenter.h */,
				DF6C5DE11D388E75009CEAF6 /* TCMainServerCenter.m */,
				DF6C5DE21D388E75009CEAF6 /* TCResponse.h */,
				DF6C5DE31D388E75009CEAF6 /* TCResponse.m */,
				DF6C5DE41D388E75009CEAF6 /* TCSignatureGenerator.h */,
				DF6C5DE51D388E75009CEAF6 /* TCSignatureGenerator.m */,
			);
			path = NetworkLayer;
			sourceTree = "<group>";
		};
		DF6C5DE61D388E75009CEAF6 /* Other */ = {
			isa = PBXGroup;
			children = (
				DF6C5DE71D388E75009CEAF6 /* ControlsBase */,
				DF6C5DEC1D388E75009CEAF6 /* Refresh */,
				DF6C5DFE1D388E75009CEAF6 /* SegmentControl */,
			);
			path = Other;
			sourceTree = "<group>";
		};
		DF6C5DE71D388E75009CEAF6 /* ControlsBase */ = {
			isa = PBXGroup;
			children = (
				DF6C5DE81D388E75009CEAF6 /* MyImagePicker.h */,
				DF6C5DE91D388E75009CEAF6 /* MyImagePicker.m */,
				DF6C5DEA1D388E75009CEAF6 /* MySimplePhotoBrowser.h */,
				DF6C5DEB1D388E75009CEAF6 /* MySimplePhotoBrowser.m */,
			);
			path = ControlsBase;
			sourceTree = "<group>";
		};
		DF6C5DEC1D388E75009CEAF6 /* Refresh */ = {
			isa = PBXGroup;
			children = (
				DF6C5DED1D388E75009CEAF6 /* Category */,
				DF6C5DF01D388E75009CEAF6 /* DIY */,
			);
			path = Refresh;
			sourceTree = "<group>";
		};
		DF6C5DED1D388E75009CEAF6 /* Category */ = {
			isa = PBXGroup;
			children = (
				DF6C5DEE1D388E75009CEAF6 /* UIViewController+Example.h */,
				DF6C5DEF1D388E75009CEAF6 /* UIViewController+Example.m */,
			);
			path = Category;
			sourceTree = "<group>";
		};
		DF6C5DF01D388E75009CEAF6 /* DIY */ = {
			isa = PBXGroup;
			children = (
				DF6C5DF11D388E75009CEAF6 /* CustomRefresh.h */,
				DF6C5DF21D388E75009CEAF6 /* MJChiBaoZiFooter.h */,
				DF6C5DF31D388E75009CEAF6 /* MJChiBaoZiFooter.m */,
				DF6C5DF41D388E75009CEAF6 /* MJChiBaoZiFooter2.h */,
				DF6C5DF51D388E75009CEAF6 /* MJChiBaoZiFooter2.m */,
				DF6C5DF61D388E75009CEAF6 /* MJChiBaoZiHeader.h */,
				DF6C5DF71D388E75009CEAF6 /* MJChiBaoZiHeader.m */,
				DF6C5DF81D388E75009CEAF6 /* MJDIYAutoFooter.h */,
				DF6C5DF91D388E75009CEAF6 /* MJDIYAutoFooter.m */,
				DF6C5DFA1D388E75009CEAF6 /* MJDIYBackFooter.h */,
				DF6C5DFB1D388E75009CEAF6 /* MJDIYBackFooter.m */,
				DF6C5DFC1D388E75009CEAF6 /* MJDIYHeader.h */,
				DF6C5DFD1D388E75009CEAF6 /* MJDIYHeader.m */,
			);
			path = DIY;
			sourceTree = "<group>";
		};
		DF6C5DFE1D388E75009CEAF6 /* SegmentControl */ = {
			isa = PBXGroup;
			children = (
				DF6C5DFF1D388E75009CEAF6 /* MySegmentControlView.h */,
				DF6C5E001D388E75009CEAF6 /* MySegmentControlView.m */,
				DF6C5E011D388E75009CEAF6 /* UIView+Extension.h */,
				DF6C5E021D388E75009CEAF6 /* UIView+Extension.m */,
			);
			path = SegmentControl;
			sourceTree = "<group>";
		};
		DF6C5E061D388E75009CEAF6 /* Setting */ = {
			isa = PBXGroup;
			children = (
				DF6C5E071D388E75009CEAF6 /* AboutUsViewController.h */,
				DF6C5E081D388E75009CEAF6 /* AboutUsViewController.m */,
				DF6C5E091D388E75009CEAF6 /* IdeaViewController.h */,
				DF6C5E0A1D388E75009CEAF6 /* IdeaViewController.m */,
				DF6C5E0B1D388E75009CEAF6 /* Setting.storyboard */,
				DF6C5E0C1D388E75009CEAF6 /* SettingTableViewController.h */,
				DF6C5E0D1D388E75009CEAF6 /* SettingTableViewController.m */,
				DF6C5E0E1D388E75009CEAF6 /* StatementViewController.h */,
				DF6C5E0F1D388E75009CEAF6 /* StatementViewController.m */,
				DF6C5E101D388E75009CEAF6 /* UserInfoSettingViewController.h */,
				DF6C5E111D388E75009CEAF6 /* UserInfoSettingViewController.m */,
			);
			path = Setting;
			sourceTree = "<group>";
		};
		DF6C5E121D388E75009CEAF6 /* TestVIew */ = {
			isa = PBXGroup;
			children = (
				DF6C5E131D388E75009CEAF6 /* FirstViewController.h */,
				DF6C5E141D388E75009CEAF6 /* FirstViewController.m */,
				DF6C5E151D388E75009CEAF6 /* FourthViewController.h */,
				DF6C5E161D388E75009CEAF6 /* FourthViewController.m */,
				DF6C5E171D388E75009CEAF6 /* SecondViewController.h */,
				DF6C5E181D388E75009CEAF6 /* SecondViewController.m */,
				DF6C5E191D388E75009CEAF6 /* ThirdViewController.h */,
				DF6C5E1A1D388E75009CEAF6 /* ThirdViewController.m */,
			);
			path = TestVIew;
			sourceTree = "<group>";
		};
		DF7C8E181D227C2000C3E994 /* BaiduMap_IOSSDK_v3 */ = {
			isa = PBXGroup;
			children = (
				DF7C8E191D227C2000C3E994 /* BaiduMapAPI_Base.framework */,
				DF7C8E1A1D227C2000C3E994 /* BaiduMapAPI_Cloud.framework */,
				DF7C8E1B1D227C2000C3E994 /* BaiduMapAPI_Location.framework */,
				DF7C8E1C1D227C2000C3E994 /* BaiduMapAPI_Map.framework */,
				DF7C8E1D1D227C2000C3E994 /* BaiduMapAPI_Radar.framework */,
				DF7C8E1E1D227C2000C3E994 /* BaiduMapAPI_Search.framework */,
				DF7C8E1F1D227C2000C3E994 /* BaiduMapAPI_Utils.framework */,
			);
			path = BaiduMap_IOSSDK_v3;
			sourceTree = "<group>";
		};
		DF8ACBD01D19254C0013AE86 /* Uititys */ = {
			isa = PBXGroup;
			children = (
				DF8ACBD11D19257E0013AE86 /* index.css */,
				DF8ACBD21D19257E0013AE86 /* index.html */,
			);
			path = Uititys;
			sourceTree = "<group>";
		};
/* End PBXGroup section */

/* Begin PBXNativeTarget section */
		DF360ECA1CFFC61400D5953B /* ChatDemoTest */ = {
			isa = PBXNativeTarget;
			buildConfigurationList = DF360EF81CFFC61400D5953B /* Build configuration list for PBXNativeTarget "ChatDemoTest" */;
			buildPhases = (
				DF360EC71CFFC61400D5953B /* Sources */,
				DF360EC81CFFC61400D5953B /* Frameworks */,
				DF360EC91CFFC61400D5953B /* Resources */,
			);
			buildRules = (
			);
			dependencies = (
			);
			name = ChatDemoTest;
			productName = ChatDemoTest;
			productReference = DF360ECB1CFFC61400D5953B /* ChatDemoTest.app */;
			productType = "com.apple.product-type.application";
		};
		DF360EE31CFFC61400D5953B /* ChatDemoTestTests */ = {
			isa = PBXNativeTarget;
			buildConfigurationList = DF360EFB1CFFC61400D5953B /* Build configuration list for PBXNativeTarget "ChatDemoTestTests" */;
			buildPhases = (
				DF360EE01CFFC61400D5953B /* Sources */,
				DF360EE11CFFC61400D5953B /* Frameworks */,
				DF360EE21CFFC61400D5953B /* Resources */,
			);
			buildRules = (
			);
			dependencies = (
				DF360EE61CFFC61400D5953B /* PBXTargetDependency */,
			);
			name = ChatDemoTestTests;
			productName = ChatDemoTestTests;
			productReference = DF360EE41CFFC61400D5953B /* ChatDemoTestTests.xctest */;
			productType = "com.apple.product-type.bundle.unit-test";
		};
		DF360EEE1CFFC61400D5953B /* ChatDemoTestUITests */ = {
			isa = PBXNativeTarget;
			buildConfigurationList = DF360EFE1CFFC61400D5953B /* Build configuration list for PBXNativeTarget "ChatDemoTestUITests" */;
			buildPhases = (
				DF360EEB1CFFC61400D5953B /* Sources */,
				DF360EEC1CFFC61400D5953B /* Frameworks */,
				DF360EED1CFFC61400D5953B /* Resources */,
			);
			buildRules = (
			);
			dependencies = (
				DF360EF11CFFC61400D5953B /* PBXTargetDependency */,
			);
			name = ChatDemoTestUITests;
			productName = ChatDemoTestUITests;
			productReference = DF360EEF1CFFC61400D5953B /* ChatDemoTestUITests.xctest */;
			productType = "com.apple.product-type.bundle.ui-testing";
		};
/* End PBXNativeTarget section */

/* Begin PBXProject section */
		DF360EC31CFFC61400D5953B /* Project object */ = {
			isa = PBXProject;
			attributes = {
				LastUpgradeCheck = 0720;
				ORGANIZATIONNAME = "陈自奎";
				TargetAttributes = {
					DF360ECA1CFFC61400D5953B = {
						CreatedOnToolsVersion = 7.2;
						DevelopmentTeam = TW83TPUEY6;
					};
					DF360EE31CFFC61400D5953B = {
						CreatedOnToolsVersion = 7.2;
						TestTargetID = DF360ECA1CFFC61400D5953B;
					};
					DF360EEE1CFFC61400D5953B = {
						CreatedOnToolsVersion = 7.2;
						TestTargetID = DF360ECA1CFFC61400D5953B;
					};
				};
			};
			buildConfigurationList = DF360EC61CFFC61400D5953B /* Build configuration list for PBXProject "ChatDemoTest" */;
			compatibilityVersion = "Xcode 3.2";
			developmentRegion = English;
			hasScannedForEncodings = 0;
			knownRegions = (
				en,
				Base,
			);
			mainGroup = DF360EC21CFFC61400D5953B;
			productRefGroup = DF360ECC1CFFC61400D5953B /* Products */;
			projectDirPath = "";
			projectRoot = "";
			targets = (
				DF360ECA1CFFC61400D5953B /* ChatDemoTest */,
				DF360EE31CFFC61400D5953B /* ChatDemoTestTests */,
				DF360EEE1CFFC61400D5953B /* ChatDemoTestUITests */,
			);
		};
/* End PBXProject section */

/* Begin PBXResourcesBuildPhase section */
		DF360EC91CFFC61400D5953B /* Resources */ = {
			isa = PBXResourcesBuildPhase;
			buildActionMask = 2147483647;
			files = (
				DF6C5E231D388E75009CEAF6 /* SearchMySpotsViewController.xib in Resources */,
				DF6C5E261D388E75009CEAF6 /* TrainSearch.storyboard in Resources */,
				DF6C5E4A1D388E75009CEAF6 /* Setting.storyboard in Resources */,
				DF8ACBD41D19257E0013AE86 /* index.html in Resources */,
				DF6C5E351D388E75009CEAF6 /* travelsDetail.storyboard in Resources */,
				DF6C5E471D388E75009CEAF6 /* RegistViewController.xib in Resources */,
				DF360EDE1CFFC61400D5953B /* LaunchScreen.storyboard in Resources */,
				DF6C5E311D388E75009CEAF6 /* HomeTravelsTableViewCell.xib in Resources */,
				DF84A9851D01388C009F9F98 /* InfoPlist.strings in Resources */,
				DF8ACBD31D19257E0013AE86 /* index.css in Resources */,
				DF6C5E291D388E75009CEAF6 /* WeatherSearch.storyboard in Resources */,
				DF6C5E371D388E75009CEAF6 /* LoginViewController.xib in Resources */,
				DF6C5E331D388E75009CEAF6 /* TrainDetailTableViewCell.xib in Resources */,
				DF84A9C41D0168C3009F9F98 /* Localizable.strings in Resources */,
				DF360EDB1CFFC61400D5953B /* Assets.xcassets in Resources */,
			);
			runOnlyForDeploymentPostprocessing = 0;
		};
		DF360EE21CFFC61400D5953B /* Resources */ = {
			isa = PBXResourcesBuildPhase;
			buildActionMask = 2147483647;
			files = (
			);
			runOnlyForDeploymentPostprocessing = 0;
		};
		DF360EED1CFFC61400D5953B /* Resources */ = {
			isa = PBXResourcesBuildPhase;
			buildActionMask = 2147483647;
			files = (
			);
			runOnlyForDeploymentPostprocessing = 0;
		};
/* End PBXResourcesBuildPhase section */

/* Begin PBXSourcesBuildPhase section */
		DF360EC71CFFC61400D5953B /* Sources */ = {
			isa = PBXSourcesBuildPhase;
			buildActionMask = 2147483647;
			files = (
				DF6C5E251D388E75009CEAF6 /* SpotsSearchViewController.m in Sources */,
				DF6C5E1D1D388E75009CEAF6 /* HMTabBar.m in Sources */,
				DF6C5E4C1D388E75009CEAF6 /* StatementViewController.m in Sources */,
				DF6C5E1E1D388E75009CEAF6 /* HMTabBarViewController.m in Sources */,
				DF6C5E3D1D388E75009CEAF6 /* UIViewController+Example.m in Sources */,
				DF6C5E301D388E75009CEAF6 /* HomeTravelsTableViewCell.m in Sources */,
				DF6C5E4F1D388E75009CEAF6 /* FourthViewController.m in Sources */,
				DF6C5E2A1D388E75009CEAF6 /* WeatherSearchViewController.m in Sources */,
				DF6C5E491D388E75009CEAF6 /* IdeaViewController.m in Sources */,
				DF6C5E451D388E75009CEAF6 /* UIView+Extension.m in Sources */,
				DF6C5E1F1D388E75009CEAF6 /* ButtonsViewController.m in Sources */,
				DF6C5E2E1D388E75009CEAF6 /* CategorySearchView.m in Sources */,
				DF6C5E1C1D388E75009CEAF6 /* HMNavigationController.m in Sources */,
				DF6C5E3A1D388E75009CEAF6 /* TCSignatureGenerator.m in Sources */,
				DF6C5E431D388E75009CEAF6 /* MJDIYHeader.m in Sources */,
				DF6C5E401D388E75009CEAF6 /* MJChiBaoZiHeader.m in Sources */,
				DF6C5E3C1D388E75009CEAF6 /* MySimplePhotoBrowser.m in Sources */,
				DF6C5E361D388E75009CEAF6 /* LoginViewController.m in Sources */,
				DF6C5E4B1D388E75009CEAF6 /* SettingTableViewController.m in Sources */,
				DF6C5E441D388E75009CEAF6 /* MySegmentControlView.m in Sources */,
				DF360ED31CFFC61400D5953B /* AppDelegate.mm in Sources */,
				DF6C5E241D388E75009CEAF6 /* SpotDetailWebviewController.m in Sources */,
				DF6C5E1B1D388E75009CEAF6 /* ChatListTableViewController.m in Sources */,
				DF6C5E3F1D388E75009CEAF6 /* MJChiBaoZiFooter2.m in Sources */,
				DF6C5E481D388E75009CEAF6 /* AboutUsViewController.m in Sources */,
				DF6C5E3B1D388E75009CEAF6 /* MyImagePicker.m in Sources */,
				DF6C5E511D388E75009CEAF6 /* ThirdViewController.m in Sources */,
				DF6C5E321D388E75009CEAF6 /* TrainDetailTableViewCell.m in Sources */,
				DF6C5E221D388E75009CEAF6 /* SearchMySpotsViewController.m in Sources */,
				DF6C5E2C1D388E75009CEAF6 /* ScenicspotListDataInfo.m in Sources */,
				DF6C5E271D388E75009CEAF6 /* TrainSearchViewController.m in Sources */,
				DF6C5E281D388E75009CEAF6 /* TravelsDetailTableViewController.m in Sources */,
				DF6C5E461D388E75009CEAF6 /* RegistViewController.m in Sources */,
				DF6C5E391D388E75009CEAF6 /* TCResponse.m in Sources */,
				DF6C5E381D388E75009CEAF6 /* TCMainServerCenter.m in Sources */,
				DF6C5E2F1D388E75009CEAF6 /* HomeTravelsCunstomTableViewCell.m in Sources */,
				DF6C5E2B1D388E75009CEAF6 /* HomeTravelsCellModel.m in Sources */,
				DF6C5E501D388E75009CEAF6 /* SecondViewController.m in Sources */,
				DF6C5E421D388E75009CEAF6 /* MJDIYBackFooter.m in Sources */,
				DF6C5E411D388E75009CEAF6 /* MJDIYAutoFooter.m in Sources */,
				DF6C5E4E1D388E75009CEAF6 /* FirstViewController.m in Sources */,
				DF360ED01CFFC61400D5953B /* main.m in Sources */,
				DF6C5E2D1D388E75009CEAF6 /* SpotsSearchPageDataSource.m in Sources */,
				DF6C5E211D388E75009CEAF6 /* NearbySpotsTableViewController.m in Sources */,
				DF6C5E201D388E75009CEAF6 /* HomeViewController.m in Sources */,
				DF6C5E3E1D388E75009CEAF6 /* MJChiBaoZiFooter.m in Sources */,
				DF6C5E4D1D388E75009CEAF6 /* UserInfoSettingViewController.m in Sources */,
				DF6C5E341D388E75009CEAF6 /* TrainSearchDetailTableView.m in Sources */,
			);
			runOnlyForDeploymentPostprocessing = 0;
		};
		DF360EE01CFFC61400D5953B /* Sources */ = {
			isa = PBXSourcesBuildPhase;
			buildActionMask = 2147483647;
			files = (
				DF360EE91CFFC61400D5953B /* ChatDemoTestTests.m in Sources */,
			);
			runOnlyForDeploymentPostprocessing = 0;
		};
		DF360EEB1CFFC61400D5953B /* Sources */ = {
			isa = PBXSourcesBuildPhase;
			buildActionMask = 2147483647;
			files = (
				DF360EF41CFFC61400D5953B /* ChatDemoTestUITests.m in Sources */,
			);
			runOnlyForDeploymentPostprocessing = 0;
		};
/* End PBXSourcesBuildPhase section */

/* Begin PBXTargetDependency section */
		DF360EE61CFFC61400D5953B /* PBXTargetDependency */ = {
			isa = PBXTargetDependency;
			target = DF360ECA1CFFC61400D5953B /* ChatDemoTest */;
			targetProxy = DF360EE51CFFC61400D5953B /* PBXContainerItemProxy */;
		};
		DF360EF11CFFC61400D5953B /* PBXTargetDependency */ = {
			isa = PBXTargetDependency;
			target = DF360ECA1CFFC61400D5953B /* ChatDemoTest */;
			targetProxy = DF360EF01CFFC61400D5953B /* PBXContainerItemProxy */;
		};
/* End PBXTargetDependency section */

/* Begin PBXVariantGroup section */
		DF360EDC1CFFC61400D5953B /* LaunchScreen.storyboard */ = {
			isa = PBXVariantGroup;
			children = (
				DF360EDD1CFFC61400D5953B /* Base */,
				DF84A9791D011436009F9F98 /* zh-Hans-CN */,
			);
			name = LaunchScreen.storyboard;
			sourceTree = "<group>";
		};
		DF84A9871D01388C009F9F98 /* InfoPlist.strings */ = {
			isa = PBXVariantGroup;
			children = (
				DF84A9861D01388C009F9F98 /* zh-Hans-CN */,
				DF84A9881D013890009F9F98 /* en */,
				DF84A9891D013894009F9F98 /* Base */,
			);
			name = InfoPlist.strings;
			sourceTree = "<group>";
		};
		DF84A9C61D0168C3009F9F98 /* Localizable.strings */ = {
			isa = PBXVariantGroup;
			children = (
				DF84A9C51D0168C3009F9F98 /* zh-Hans-CN */,
				DF84A9C71D0168C6009F9F98 /* en */,
				DF84A9C81D0168CE009F9F98 /* Base */,
			);
			name = Localizable.strings;
			sourceTree = "<group>";
		};
/* End PBXVariantGroup section */

/* Begin XCBuildConfiguration section */
		DF360EF61CFFC61400D5953B /* Debug */ = {
			isa = XCBuildConfiguration;
			buildSettings = {
				ALWAYS_SEARCH_USER_PATHS = NO;
				CLANG_CXX_LANGUAGE_STANDARD = "gnu++0x";
				CLANG_CXX_LIBRARY = "libc++";
				CLANG_ENABLE_MODULES = YES;
				CLANG_ENABLE_OBJC_ARC = YES;
				CLANG_WARN_BOOL_CONVERSION = YES;
				CLANG_WARN_CONSTANT_CONVERSION = YES;
				CLANG_WARN_DIRECT_OBJC_ISA_USAGE = YES_ERROR;
				CLANG_WARN_EMPTY_BODY = YES;
				CLANG_WARN_ENUM_CONVERSION = YES;
				CLANG_WARN_INT_CONVERSION = YES;
				CLANG_WARN_OBJC_ROOT_CLASS = YES_ERROR;
				CLANG_WARN_UNREACHABLE_CODE = YES;
				CLANG_WARN__DUPLICATE_METHOD_MATCH = YES;
				"CODE_SIGN_IDENTITY[sdk=iphoneos*]" = "iPhone Developer";
				COPY_PHASE_STRIP = NO;
				DEBUG_INFORMATION_FORMAT = dwarf;
				ENABLE_STRICT_OBJC_MSGSEND = YES;
				ENABLE_TESTABILITY = YES;
				GCC_C_LANGUAGE_STANDARD = gnu99;
				GCC_DYNAMIC_NO_PIC = NO;
				GCC_NO_COMMON_BLOCKS = YES;
				GCC_OPTIMIZATION_LEVEL = 0;
				GCC_PREPROCESSOR_DEFINITIONS = (
					"DEBUG=1",
					"$(inherited)",
				);
				GCC_WARN_64_TO_32_BIT_CONVERSION = YES;
				GCC_WARN_ABOUT_RETURN_TYPE = YES_ERROR;
				GCC_WARN_UNDECLARED_SELECTOR = YES;
				GCC_WARN_UNINITIALIZED_AUTOS = YES_AGGRESSIVE;
				GCC_WARN_UNUSED_FUNCTION = YES;
				GCC_WARN_UNUSED_VARIABLE = YES;
				IPHONEOS_DEPLOYMENT_TARGET = 9.2;
				MTL_ENABLE_DEBUG_INFO = YES;
				ONLY_ACTIVE_ARCH = YES;
				SDKROOT = iphoneos;
				TARGETED_DEVICE_FAMILY = "1,2";
			};
			name = Debug;
		};
		DF360EF71CFFC61400D5953B /* Release */ = {
			isa = XCBuildConfiguration;
			buildSettings = {
				ALWAYS_SEARCH_USER_PATHS = NO;
				CLANG_CXX_LANGUAGE_STANDARD = "gnu++0x";
				CLANG_CXX_LIBRARY = "libc++";
				CLANG_ENABLE_MODULES = YES;
				CLANG_ENABLE_OBJC_ARC = YES;
				CLANG_WARN_BOOL_CONVERSION = YES;
				CLANG_WARN_CONSTANT_CONVERSION = YES;
				CLANG_WARN_DIRECT_OBJC_ISA_USAGE = YES_ERROR;
				CLANG_WARN_EMPTY_BODY = YES;
				CLANG_WARN_ENUM_CONVERSION = YES;
				CLANG_WARN_INT_CONVERSION = YES;
				CLANG_WARN_OBJC_ROOT_CLASS = YES_ERROR;
				CLANG_WARN_UNREACHABLE_CODE = YES;
				CLANG_WARN__DUPLICATE_METHOD_MATCH = YES;
				"CODE_SIGN_IDENTITY[sdk=iphoneos*]" = "iPhone Developer";
				COPY_PHASE_STRIP = NO;
				DEBUG_INFORMATION_FORMAT = "dwarf-with-dsym";
				ENABLE_NS_ASSERTIONS = NO;
				ENABLE_STRICT_OBJC_MSGSEND = YES;
				GCC_C_LANGUAGE_STANDARD = gnu99;
				GCC_NO_COMMON_BLOCKS = YES;
				GCC_WARN_64_TO_32_BIT_CONVERSION = YES;
				GCC_WARN_ABOUT_RETURN_TYPE = YES_ERROR;
				GCC_WARN_UNDECLARED_SELECTOR = YES;
				GCC_WARN_UNINITIALIZED_AUTOS = YES_AGGRESSIVE;
				GCC_WARN_UNUSED_FUNCTION = YES;
				GCC_WARN_UNUSED_VARIABLE = YES;
				IPHONEOS_DEPLOYMENT_TARGET = 9.2;
				MTL_ENABLE_DEBUG_INFO = NO;
				SDKROOT = iphoneos;
				TARGETED_DEVICE_FAMILY = "1,2";
				VALIDATE_PRODUCT = YES;
			};
			name = Release;
		};
		DF360EF91CFFC61400D5953B /* Debug */ = {
			isa = XCBuildConfiguration;
			buildSettings = {
				ASSETCATALOG_COMPILER_APPICON_NAME = AppIcon;
				CODE_SIGN_IDENTITY = "iPhone Developer";
				ENABLE_BITCODE = NO;
				FRAMEWORK_SEARCH_PATHS = (
					"$(inherited)",
					"$(PROJECT_DIR)/ChatDemoTest/Parse",
					"$(PROJECT_DIR)/FrameWorks/BaiduMap_IOSSDK_v3",
				);
				GCC_INPUT_FILETYPE = automatic;
				GCC_PREFIX_HEADER = "$(SRCROOT)/ChatDemoTest/ChatDemo-PrefixHeader.pch";
				INFOPLIST_FILE = ChatDemoTest/Info.plist;
				IPHONEOS_DEPLOYMENT_TARGET = 8.0;
				LD_RUNPATH_SEARCH_PATHS = "$(inherited) @executable_path/Frameworks";
				LIBRARY_SEARCH_PATHS = (
					"$(inherited)",
					"$(PROJECT_DIR)/ChatDemoTest/HyphenateFullSDK/lib/3rdparty",
					"$(PROJECT_DIR)/ChatDemoTest/HyphenateFullSDK/lib",
					"$(PROJECT_DIR)/ChatDemoTest/EaseUI/EMUIKit/3rdparty/DeviceHelper/VoiceConvert/opencore-amrnb",
					"$(PROJECT_DIR)/ChatDemoTest/EaseUI/EMUIKit/3rdparty/DeviceHelper/VoiceConvert/opencore-amrwb",
					"$(PROJECT_DIR)/ChatDemoTest/RedpacketSDK/RedpacketStaticLib/lib",
					"$(PROJECT_DIR)/ChatDemoTest/UMeng",
					"$(PROJECT_DIR)/ChatDemoTest/Class/EaseUI/EMUIKit/3rdparty/DeviceHelper/VoiceConvert/opencore-amrnb",
					"$(PROJECT_DIR)/ChatDemoTest/Class/EaseUI/EMUIKit/3rdparty/DeviceHelper/VoiceConvert/opencore-amrwb",
				);
				OTHER_LDFLAGS = "-ObjC";
				PRODUCT_BUNDLE_IDENTIFIER = com.dftc.saxs;
				PRODUCT_NAME = "$(TARGET_NAME)";
				USER_HEADER_SEARCH_PATHS = "$(SRCROOT)/**";
				VALID_ARCHS = "arm64 armv7 armv7s";
			};
			name = Debug;
		};
		DF360EFA1CFFC61400D5953B /* Release */ = {
			isa = XCBuildConfiguration;
			buildSettings = {
				ASSETCATALOG_COMPILER_APPICON_NAME = AppIcon;
				CODE_SIGN_IDENTITY = "iPhone Developer";
				ENABLE_BITCODE = NO;
				FRAMEWORK_SEARCH_PATHS = (
					"$(inherited)",
					"$(PROJECT_DIR)/ChatDemoTest/Parse",
					"$(PROJECT_DIR)/FrameWorks/BaiduMap_IOSSDK_v3",
				);
				GCC_INPUT_FILETYPE = automatic;
				GCC_PREFIX_HEADER = "$(SRCROOT)/ChatDemoTest/ChatDemo-PrefixHeader.pch";
				INFOPLIST_FILE = ChatDemoTest/Info.plist;
				IPHONEOS_DEPLOYMENT_TARGET = 8.0;
				LD_RUNPATH_SEARCH_PATHS = "$(inherited) @executable_path/Frameworks";
				LIBRARY_SEARCH_PATHS = (
					"$(inherited)",
					"$(PROJECT_DIR)/ChatDemoTest/HyphenateFullSDK/lib/3rdparty",
					"$(PROJECT_DIR)/ChatDemoTest/HyphenateFullSDK/lib",
					"$(PROJECT_DIR)/ChatDemoTest/EaseUI/EMUIKit/3rdparty/DeviceHelper/VoiceConvert/opencore-amrnb",
					"$(PROJECT_DIR)/ChatDemoTest/EaseUI/EMUIKit/3rdparty/DeviceHelper/VoiceConvert/opencore-amrwb",
					"$(PROJECT_DIR)/ChatDemoTest/RedpacketSDK/RedpacketStaticLib/lib",
					"$(PROJECT_DIR)/ChatDemoTest/UMeng",
					"$(PROJECT_DIR)/ChatDemoTest/Class/EaseUI/EMUIKit/3rdparty/DeviceHelper/VoiceConvert/opencore-amrnb",
					"$(PROJECT_DIR)/ChatDemoTest/Class/EaseUI/EMUIKit/3rdparty/DeviceHelper/VoiceConvert/opencore-amrwb",
				);
				ONLY_ACTIVE_ARCH = NO;
				OTHER_LDFLAGS = "-ObjC";
				PRODUCT_BUNDLE_IDENTIFIER = com.dftc.saxs;
				PRODUCT_NAME = "$(TARGET_NAME)";
				USER_HEADER_SEARCH_PATHS = "$(SRCROOT)/**";
				VALID_ARCHS = "arm64 armv7 armv7s";
			};
			name = Release;
		};
		DF360EFC1CFFC61400D5953B /* Debug */ = {
			isa = XCBuildConfiguration;
			buildSettings = {
				BUNDLE_LOADER = "$(TEST_HOST)";
				INFOPLIST_FILE = ChatDemoTestTests/Info.plist;
				LD_RUNPATH_SEARCH_PATHS = "$(inherited) @executable_path/Frameworks @loader_path/Frameworks";
				PRODUCT_BUNDLE_IDENTIFIER = com.tiancheng.www.ChatDemoTestTests;
				PRODUCT_NAME = "$(TARGET_NAME)";
				TEST_HOST = "$(BUILT_PRODUCTS_DIR)/ChatDemoTest.app/ChatDemoTest";
			};
			name = Debug;
		};
		DF360EFD1CFFC61400D5953B /* Release */ = {
			isa = XCBuildConfiguration;
			buildSettings = {
				BUNDLE_LOADER = "$(TEST_HOST)";
				INFOPLIST_FILE = ChatDemoTestTests/Info.plist;
				LD_RUNPATH_SEARCH_PATHS = "$(inherited) @executable_path/Frameworks @loader_path/Frameworks";
				PRODUCT_BUNDLE_IDENTIFIER = com.tiancheng.www.ChatDemoTestTests;
				PRODUCT_NAME = "$(TARGET_NAME)";
				TEST_HOST = "$(BUILT_PRODUCTS_DIR)/ChatDemoTest.app/ChatDemoTest";
			};
			name = Release;
		};
		DF360EFF1CFFC61400D5953B /* Debug */ = {
			isa = XCBuildConfiguration;
			buildSettings = {
				INFOPLIST_FILE = ChatDemoTestUITests/Info.plist;
				LD_RUNPATH_SEARCH_PATHS = "$(inherited) @executable_path/Frameworks @loader_path/Frameworks";
				PRODUCT_BUNDLE_IDENTIFIER = com.tiancheng.www.ChatDemoTestUITests;
				PRODUCT_NAME = "$(TARGET_NAME)";
				TEST_TARGET_NAME = ChatDemoTest;
				USES_XCTRUNNER = YES;
			};
			name = Debug;
		};
		DF360F001CFFC61400D5953B /* Release */ = {
			isa = XCBuildConfiguration;
			buildSettings = {
				INFOPLIST_FILE = ChatDemoTestUITests/Info.plist;
				LD_RUNPATH_SEARCH_PATHS = "$(inherited) @executable_path/Frameworks @loader_path/Frameworks";
				PRODUCT_BUNDLE_IDENTIFIER = com.tiancheng.www.ChatDemoTestUITests;
				PRODUCT_NAME = "$(TARGET_NAME)";
				TEST_TARGET_NAME = ChatDemoTest;
				USES_XCTRUNNER = YES;
			};
			name = Release;
		};
/* End XCBuildConfiguration section */

/* Begin XCConfigurationList section */
		DF360EC61CFFC61400D5953B /* Build configuration list for PBXProject "ChatDemoTest" */ = {
			isa = XCConfigurationList;
			buildConfigurations = (
				DF360EF61CFFC61400D5953B /* Debug */,
				DF360EF71CFFC61400D5953B /* Release */,
			);
			defaultConfigurationIsVisible = 0;
			defaultConfigurationName = Release;
		};
		DF360EF81CFFC61400D5953B /* Build configuration list for PBXNativeTarget "ChatDemoTest" */ = {
			isa = XCConfigurationList;
			buildConfigurations = (
				DF360EF91CFFC61400D5953B /* Debug */,
				DF360EFA1CFFC61400D5953B /* Release */,
			);
			defaultConfigurationIsVisible = 0;
			defaultConfigurationName = Release;
		};
		DF360EFB1CFFC61400D5953B /* Build configuration list for PBXNativeTarget "ChatDemoTestTests" */ = {
			isa = XCConfigurationList;
			buildConfigurations = (
				DF360EFC1CFFC61400D5953B /* Debug */,
				DF360EFD1CFFC61400D5953B /* Release */,
			);
			defaultConfigurationIsVisible = 0;
			defaultConfigurationName = Release;
		};
		DF360EFE1CFFC61400D5953B /* Build configuration list for PBXNativeTarget "ChatDemoTestUITests" */ = {
			isa = XCConfigurationList;
			buildConfigurations = (
				DF360EFF1CFFC61400D5953B /* Debug */,
				DF360F001CFFC61400D5953B /* Release */,
			);
			defaultConfigurationIsVisible = 0;
			defaultConfigurationName = Release;
		};
/* End XCConfigurationList section */
	};
	rootObject = DF360EC31CFFC61400D5953B /* Project object */;
}
